<?xml version="1.0" encoding="utf-8"?>
<Project ToolsVersion="4.0" xmlns="http://schemas.microsoft.com/developer/msbuild/2003">
  <ItemGroup>
    <Filter Include="Source Files">
      <UniqueIdentifier>{4FC737F1-C7A5-4376-A066-2A32D752A2FF}</UniqueIdentifier>
      <Extensions>cpp;c;cc;cxx;def;odl;idl;hpj;bat;asm;asmx</Extensions>
    </Filter>
    <Filter Include="Header Files">
      <UniqueIdentifier>{93995380-89BD-4b04-88EB-625FBE52EBFB}</UniqueIdentifier>
      <Extensions>h;hpp;hxx;hm;inl;inc;xsd</Extensions>
    </Filter>
    <Filter Include="Resource Files">
      <UniqueIdentifier>{67DA6AB6-F800-4c08-8B7A-83BB121AAD01}</UniqueIdentifier>
      <Extensions>rc;ico;cur;bmp;dlg;rc2;rct;bin;rgs;gif;jpg;jpeg;jpe;resx;tiff;tif;png;wav;mfcribbon-ms</Extensions>
    </Filter>
  </ItemGroup>
  <ItemGroup>
    <ClCompile Include="src\bluestein.cpp">
      <Filter>Source Files</Filter>
    </ClCompile>
    <ClCompile Include="src\CModulus.cpp">
      <Filter>Source Files</Filter>
    </ClCompile>
    <ClCompile Include="src\Ctxt.cpp">
      <Filter>Source Files</Filter>
    </ClCompile>
    <ClCompile Include="src\DoubleCRT.cpp">
      <Filter>Source Files</Filter>
    </ClCompile>
    <ClCompile Include="src\EncryptedArray.cpp">
      <Filter>Source Files</Filter>
    </ClCompile>
    <ClCompile Include="src\FHE.cpp">
      <Filter>Source Files</Filter>
    </ClCompile>
    <ClCompile Include="src\FHEContext.cpp">
      <Filter>Source Files</Filter>
    </ClCompile>
    <ClCompile Include="src\IndexSet.cpp">
      <Filter>Source Files</Filter>
    </ClCompile>
    <ClCompile Include="src\KeySwitching.cpp">
      <Filter>Source Files</Filter>
    </ClCompile>
    <ClCompile Include="src\mz-test1.cpp">
      <Filter>Source Files</Filter>
    </ClCompile>
    <ClCompile Include="src\NumbTh.cpp">
      <Filter>Source Files</Filter>
    </ClCompile>
    <ClCompile Include="src\PAlgebra.cpp">
      <Filter>Source Files</Filter>
    </ClCompile>
    <ClCompile Include="src\replicate.cpp">
      <Filter>Source Files</Filter>
    </ClCompile>
    <ClCompile Include="src\Test_General.cpp">
      <Filter>Source Files</Filter>
    </ClCompile>
    <ClCompile Include="src\timing.cpp">
      <Filter>Source Files</Filter>
    </ClCompile>
  </ItemGroup>
  <ItemGroup>
    <ClInclude Include="include\AltCRT.h">
      <Filter>Header Files</Filter>
    </ClInclude>
    <ClInclude Include="include\bluestein.h">
      <Filter>Header Files</Filter>
    </ClInclude>
    <ClInclude Include="include\cloned_ptr.h">
      <Filter>Header Files</Filter>
    </ClInclude>
    <ClInclude Include="include\CModulus.h">
      <Filter>Header Files</Filter>
    </ClInclude>
    <ClInclude Include="include\Ctxt.h">
      <Filter>Header Files</Filter>
    </ClInclude>
    <ClInclude Include="include\DoubleCRT.h">
      <Filter>Header Files</Filter>
    </ClInclude>
    <ClInclude Include="include\EncryptedArray.h">
      <Filter>Header Files</Filter>
    </ClInclude>
    <ClInclude Include="include\FHE.h">
      <Filter>Header Files</Filter>
    </ClInclude>
    <ClInclude Include="include\FHEContext.h">
      <Filter>Header Files</Filter>
    </ClInclude>
    <ClInclude Include="include\IndexMap.h">
      <Filter>Header Files</Filter>
    </ClInclude>
    <ClInclude Include="include\IndexSet.h">
      <Filter>Header Files</Filter>
    </ClInclude>
    <ClInclude Include="include\NumbTh.h">
      <Filter>Header Files</Filter>
    </ClInclude>
    <ClInclude Include="include\PAlgebra.h">
      <Filter>Header Files</Filter>
    </ClInclude>
    <ClInclude Include="include\replicate.h">
      <Filter>Header Files</Filter>
    </ClInclude>
    <ClInclude Include="include\SingleCRT.h">
      <Filter>Header Files</Filter>
    </ClInclude>
    <ClInclude Include="include\timing.h">
      <Filter>Header Files</Filter>
    </ClInclude>
  </ItemGroup>
  <ItemGroup>
    <None Include="Resources\doxygen-manual.pdf">
      <Filter>Resource Files</Filter>
    </None>
    <None Include="Resources\easy-start.pdf">
      <Filter>Resource Files</Filter>
    </None>
    <None Include="Resources\Guide-to-HELib.pdf">
      <Filter>Resource Files</Filter>
    </None>
    <None Include="Resources\he-library.pdf">
      <Filter>Resource Files</Filter>
    </None>
  </ItemGroup>
</Project>