
Microsoft Visual Studio Solution File, Format Version 12.00
# Visual Studio 2013
VisualStudioVersion = 12.0.21005.1
MinimumVisualStudioVersion = 10.0.40219.1
Project("{FAE04EC0-301F-11D3-BF4B-00C04F79EFBC}") = "DiscreteEventScheduler", "Libs\DiscreteEventScheduler\DiscreteEventScheduler.csproj", "{A25BF042-5BA8-4191-9EAA-75CF555CF0EE}"
EndProject
Project("{FAE04EC0-301F-11D3-BF4B-00C04F79EFBC}") = "QuorumSystem", "Libs\QuorumSystem\QuorumSystem.csproj", "{53392685-E75C-478B-AC7C-A22C704B19E6}"
EndProject
Project("{FAE04EC0-301F-11D3-BF4B-00C04F79EFBC}") = "StochasticUtils", "Libs\StochasticUtils\StochasticUtils.csproj", "{4966DB10-9B4A-426F-8D36-D56D47CBE0AC}"
EndProject
Project("{FAE04EC0-301F-11D3-BF4B-00C04F79EFBC}") = "DistributedSystem", "Libs\DistributedSystem\DistributedSystem.csproj", "{FB8DD953-2188-41F9-9B81-B5FCB509F2BA}"
EndProject
Project("{FAE04EC0-301F-11D3-BF4B-00C04F79EFBC}") = "BasicDataStructures", "Libs\BasicDataStructures\BasicDataStructures.csproj", "{D89AFE72-407E-4414-BDFC-E5B50BB25BEF}"
EndProject
Project("{FAE04EC0-301F-11D3-BF4B-00C04F79EFBC}") = "SecretSharing", "Libs\SecretSharing\SecretSharing.csproj", "{2279AD83-89CC-439F-A198-4E6C1C73F668}"
EndProject
Project("{FAE04EC0-301F-11D3-BF4B-00C04F79EFBC}") = "Mpc", "Libs\Mpc\Mpc.csproj", "{3010BD08-601E-4123-86A5-93ACE9E4BF64}"
EndProject
Project("{FAE04EC0-301F-11D3-BF4B-00C04F79EFBC}") = "ByzantineAgreement", "Libs\ByzantineAgreement\ByzantineAgreement.csproj", "{2974B68A-90F7-4225-BD26-9414B555AA57}"
EndProject
Project("{FAE04EC0-301F-11D3-BF4B-00C04F79EFBC}") = "GraphViewer", "Libs\GraphViewer\GraphViewer.csproj", "{33911C36-6472-4E18-9ADD-D11829DA0F53}"
EndProject
Project("{FAE04EC0-301F-11D3-BF4B-00C04F79EFBC}") = "BgwMpc", "Libs\BgwMpc\BgwMpc.csproj", "{75771B97-EFC0-45EC-A527-B32102C5AB68}"
EndProject
Project("{FAE04EC0-301F-11D3-BF4B-00C04F79EFBC}") = "AnonymityTestApp", "Apps\AnonymityTestApp\AnonymityTestApp.csproj", "{8AE2D0C6-252B-41D0-8AD7-843DDB907377}"
EndProject
Project("{FAE04EC0-301F-11D3-BF4B-00C04F79EFBC}") = "DkmsMpc", "Libs\DkmsMpc\DkmsMpc.csproj", "{7B978A53-598D-445D-AF78-5A762C3AD42C}"
EndProject
Project("{FAE04EC0-301F-11D3-BF4B-00C04F79EFBC}") = "MaskzAnonymity", "Libs\MaskzAnonymity\MaskzAnonymity.csproj", "{16D7EF65-7B7A-4C64-AA9A-5CFF6765AD14}"
EndProject
Project("{FAE04EC0-301F-11D3-BF4B-00C04F79EFBC}") = "FiniteField", "Libs\FiniteField\FiniteField.csproj", "{3FC29BC8-208B-4B67-B222-B5DE9AA3C65B}"
EndProject
Project("{8BC9CEB8-8B4A-11D0-8D11-00A0C91BC942}") = "FheLib", "Libs\FheLib\FheLib.vcxproj", "{CB78114A-2C36-459D-A462-4061267CEECC}"
EndProject
Project("{FAE04EC0-301F-11D3-BF4B-00C04F79EFBC}") = "CryptoMpc", "Libs\CryptoMpc\CryptoMpc.csproj", "{F2B03162-2F5C-4518-87A5-41DB45B7F22A}"
EndProject
Project("{FAE04EC0-301F-11D3-BF4B-00C04F79EFBC}") = "Common", "Libs\Common\Common.csproj", "{281E03FD-C141-4CD6-A4C2-7FB74A78E063}"
EndProject
Project("{8BC9CEB8-8B4A-11D0-8D11-00A0C91BC942}") = "FheWrapper", "Libs\FheWrapper\FheWrapper.vcxproj", "{63D06884-A5E5-4071-8BC7-5C2C2AAFB607}"
EndProject
Project("{8BC9CEB8-8B4A-11D0-8D11-00A0C91BC942}") = "PolyCommit", "Libs\PolyCommit\PolyCommit\PolyCommit.vcxproj", "{DBBD8F6C-B452-46A9-AFF0-65E4429E04F1}"
EndProject
Project("{8BC9CEB8-8B4A-11D0-8D11-00A0C91BC942}") = "ntl-vc", "Libs\ntl-vc\ntl-vc.vcxproj", "{1BC0ACB8-C2F9-42D2-9C80-30A34D5C8C7B}"
EndProject
Project("{8BC9CEB8-8B4A-11D0-8D11-00A0C91BC942}") = "pbc-vc", "Libs\pbc-vc\pbc-vc.vcxproj", "{7C22CD86-4FCF-496A-861D-98F35665559B}"
EndProject
Global
	GlobalSection(SubversionScc) = preSolution
		Svn-Managed = True
		Manager = AnkhSVN - Subversion Support for Visual Studio
	EndGlobalSection
	GlobalSection(SolutionConfigurationPlatforms) = preSolution
		Debug|Any CPU = Debug|Any CPU
		Debug|Mixed Platforms = Debug|Mixed Platforms
		Debug|Win32 = Debug|Win32
		Debug|x86 = Debug|x86
		Release|Any CPU = Release|Any CPU
		Release|Mixed Platforms = Release|Mixed Platforms
		Release|Win32 = Release|Win32
		Release|x86 = Release|x86
	EndGlobalSection
	GlobalSection(ProjectConfigurationPlatforms) = postSolution
		{A25BF042-5BA8-4191-9EAA-75CF555CF0EE}.Debug|Any CPU.ActiveCfg = Debug|Any CPU
		{A25BF042-5BA8-4191-9EAA-75CF555CF0EE}.Debug|Any CPU.Build.0 = Debug|Any CPU
		{A25BF042-5BA8-4191-9EAA-75CF555CF0EE}.Debug|Mixed Platforms.ActiveCfg = Debug|Any CPU
		{A25BF042-5BA8-4191-9EAA-75CF555CF0EE}.Debug|Mixed Platforms.Build.0 = Debug|Any CPU
		{A25BF042-5BA8-4191-9EAA-75CF555CF0EE}.Debug|Win32.ActiveCfg = Debug|Any CPU
		{A25BF042-5BA8-4191-9EAA-75CF555CF0EE}.Debug|x86.ActiveCfg = Debug|Any CPU
		{A25BF042-5BA8-4191-9EAA-75CF555CF0EE}.Release|Any CPU.ActiveCfg = Release|Any CPU
		{A25BF042-5BA8-4191-9EAA-75CF555CF0EE}.Release|Any CPU.Build.0 = Release|Any CPU
		{A25BF042-5BA8-4191-9EAA-75CF555CF0EE}.Release|Mixed Platforms.ActiveCfg = Release|Any CPU
		{A25BF042-5BA8-4191-9EAA-75CF555CF0EE}.Release|Mixed Platforms.Build.0 = Release|Any CPU
		{A25BF042-5BA8-4191-9EAA-75CF555CF0EE}.Release|Win32.ActiveCfg = Release|Any CPU
		{A25BF042-5BA8-4191-9EAA-75CF555CF0EE}.Release|x86.ActiveCfg = Release|Any CPU
		{53392685-E75C-478B-AC7C-A22C704B19E6}.Debug|Any CPU.ActiveCfg = Debug|Any CPU
		{53392685-E75C-478B-AC7C-A22C704B19E6}.Debug|Any CPU.Build.0 = Debug|Any CPU
		{53392685-E75C-478B-AC7C-A22C704B19E6}.Debug|Mixed Platforms.ActiveCfg = Debug|Any CPU
		{53392685-E75C-478B-AC7C-A22C704B19E6}.Debug|Mixed Platforms.Build.0 = Debug|Any CPU
		{53392685-E75C-478B-AC7C-A22C704B19E6}.Debug|Win32.ActiveCfg = Debug|Any CPU
		{53392685-E75C-478B-AC7C-A22C704B19E6}.Debug|x86.ActiveCfg = Debug|Any CPU
		{53392685-E75C-478B-AC7C-A22C704B19E6}.Release|Any CPU.ActiveCfg = Release|Any CPU
		{53392685-E75C-478B-AC7C-A22C704B19E6}.Release|Any CPU.Build.0 = Release|Any CPU
		{53392685-E75C-478B-AC7C-A22C704B19E6}.Release|Mixed Platforms.ActiveCfg = Release|Any CPU
		{53392685-E75C-478B-AC7C-A22C704B19E6}.Release|Mixed Platforms.Build.0 = Release|Any CPU
		{53392685-E75C-478B-AC7C-A22C704B19E6}.Release|Win32.ActiveCfg = Release|Any CPU
		{53392685-E75C-478B-AC7C-A22C704B19E6}.Release|x86.ActiveCfg = Release|Any CPU
		{4966DB10-9B4A-426F-8D36-D56D47CBE0AC}.Debug|Any CPU.ActiveCfg = Debug|Any CPU
		{4966DB10-9B4A-426F-8D36-D56D47CBE0AC}.Debug|Any CPU.Build.0 = Debug|Any CPU
		{4966DB10-9B4A-426F-8D36-D56D47CBE0AC}.Debug|Mixed Platforms.ActiveCfg = Debug|Any CPU
		{4966DB10-9B4A-426F-8D36-D56D47CBE0AC}.Debug|Mixed Platforms.Build.0 = Debug|Any CPU
		{4966DB10-9B4A-426F-8D36-D56D47CBE0AC}.Debug|Win32.ActiveCfg = Debug|Any CPU
		{4966DB10-9B4A-426F-8D36-D56D47CBE0AC}.Debug|x86.ActiveCfg = Debug|Any CPU
		{4966DB10-9B4A-426F-8D36-D56D47CBE0AC}.Release|Any CPU.ActiveCfg = Release|Any CPU
		{4966DB10-9B4A-426F-8D36-D56D47CBE0AC}.Release|Any CPU.Build.0 = Release|Any CPU
		{4966DB10-9B4A-426F-8D36-D56D47CBE0AC}.Release|Mixed Platforms.ActiveCfg = Release|Any CPU
		{4966DB10-9B4A-426F-8D36-D56D47CBE0AC}.Release|Mixed Platforms.Build.0 = Release|Any CPU
		{4966DB10-9B4A-426F-8D36-D56D47CBE0AC}.Release|Win32.ActiveCfg = Release|Any CPU
		{4966DB10-9B4A-426F-8D36-D56D47CBE0AC}.Release|x86.ActiveCfg = Release|Any CPU
		{FB8DD953-2188-41F9-9B81-B5FCB509F2BA}.Debug|Any CPU.ActiveCfg = Debug|Any CPU
		{FB8DD953-2188-41F9-9B81-B5FCB509F2BA}.Debug|Any CPU.Build.0 = Debug|Any CPU
		{FB8DD953-2188-41F9-9B81-B5FCB509F2BA}.Debug|Mixed Platforms.ActiveCfg = Debug|Any CPU
		{FB8DD953-2188-41F9-9B81-B5FCB509F2BA}.Debug|Mixed Platforms.Build.0 = Debug|Any CPU
		{FB8DD953-2188-41F9-9B81-B5FCB509F2BA}.Debug|Win32.ActiveCfg = Debug|Any CPU
		{FB8DD953-2188-41F9-9B81-B5FCB509F2BA}.Debug|x86.ActiveCfg = Debug|Any CPU
		{FB8DD953-2188-41F9-9B81-B5FCB509F2BA}.Release|Any CPU.ActiveCfg = Release|Any CPU
		{FB8DD953-2188-41F9-9B81-B5FCB509F2BA}.Release|Any CPU.Build.0 = Release|Any CPU
		{FB8DD953-2188-41F9-9B81-B5FCB509F2BA}.Release|Mixed Platforms.ActiveCfg = Release|Any CPU
		{FB8DD953-2188-41F9-9B81-B5FCB509F2BA}.Release|Mixed Platforms.Build.0 = Release|Any CPU
		{FB8DD953-2188-41F9-9B81-B5FCB509F2BA}.Release|Win32.ActiveCfg = Release|Any CPU
		{FB8DD953-2188-41F9-9B81-B5FCB509F2BA}.Release|x86.ActiveCfg = Release|Any CPU
		{D89AFE72-407E-4414-BDFC-E5B50BB25BEF}.Debug|Any CPU.ActiveCfg = Debug|Any CPU
		{D89AFE72-407E-4414-BDFC-E5B50BB25BEF}.Debug|Any CPU.Build.0 = Debug|Any CPU
		{D89AFE72-407E-4414-BDFC-E5B50BB25BEF}.Debug|Mixed Platforms.ActiveCfg = Debug|Any CPU
		{D89AFE72-407E-4414-BDFC-E5B50BB25BEF}.Debug|Mixed Platforms.Build.0 = Debug|Any CPU
		{D89AFE72-407E-4414-BDFC-E5B50BB25BEF}.Debug|Win32.ActiveCfg = Debug|Any CPU
		{D89AFE72-407E-4414-BDFC-E5B50BB25BEF}.Debug|x86.ActiveCfg = Debug|Any CPU
		{D89AFE72-407E-4414-BDFC-E5B50BB25BEF}.Release|Any CPU.ActiveCfg = Release|Any CPU
		{D89AFE72-407E-4414-BDFC-E5B50BB25BEF}.Release|Any CPU.Build.0 = Release|Any CPU
		{D89AFE72-407E-4414-BDFC-E5B50BB25BEF}.Release|Mixed Platforms.ActiveCfg = Release|Any CPU
		{D89AFE72-407E-4414-BDFC-E5B50BB25BEF}.Release|Mixed Platforms.Build.0 = Release|Any CPU
		{D89AFE72-407E-4414-BDFC-E5B50BB25BEF}.Release|Win32.ActiveCfg = Release|Any CPU
		{D89AFE72-407E-4414-BDFC-E5B50BB25BEF}.Release|x86.ActiveCfg = Release|Any CPU
		{2279AD83-89CC-439F-A198-4E6C1C73F668}.Debug|Any CPU.ActiveCfg = Debug|Any CPU
		{2279AD83-89CC-439F-A198-4E6C1C73F668}.Debug|Any CPU.Build.0 = Debug|Any CPU
		{2279AD83-89CC-439F-A198-4E6C1C73F668}.Debug|Mixed Platforms.ActiveCfg = Debug|Any CPU
		{2279AD83-89CC-439F-A198-4E6C1C73F668}.Debug|Mixed Platforms.Build.0 = Debug|Any CPU
		{2279AD83-89CC-439F-A198-4E6C1C73F668}.Debug|Win32.ActiveCfg = Debug|Any CPU
		{2279AD83-89CC-439F-A198-4E6C1C73F668}.Debug|x86.ActiveCfg = Debug|Any CPU
		{2279AD83-89CC-439F-A198-4E6C1C73F668}.Release|Any CPU.ActiveCfg = Release|Any CPU
		{2279AD83-89CC-439F-A198-4E6C1C73F668}.Release|Any CPU.Build.0 = Release|Any CPU
		{2279AD83-89CC-439F-A198-4E6C1C73F668}.Release|Mixed Platforms.ActiveCfg = Release|Any CPU
		{2279AD83-89CC-439F-A198-4E6C1C73F668}.Release|Mixed Platforms.Build.0 = Release|Any CPU
		{2279AD83-89CC-439F-A198-4E6C1C73F668}.Release|Win32.ActiveCfg = Release|Any CPU
		{2279AD83-89CC-439F-A198-4E6C1C73F668}.Release|x86.ActiveCfg = Release|Any CPU
		{3010BD08-601E-4123-86A5-93ACE9E4BF64}.Debug|Any CPU.ActiveCfg = Debug|Any CPU
		{3010BD08-601E-4123-86A5-93ACE9E4BF64}.Debug|Any CPU.Build.0 = Debug|Any CPU
		{3010BD08-601E-4123-86A5-93ACE9E4BF64}.Debug|Mixed Platforms.ActiveCfg = Debug|Any CPU
		{3010BD08-601E-4123-86A5-93ACE9E4BF64}.Debug|Mixed Platforms.Build.0 = Debug|Any CPU
		{3010BD08-601E-4123-86A5-93ACE9E4BF64}.Debug|Win32.ActiveCfg = Debug|Any CPU
		{3010BD08-601E-4123-86A5-93ACE9E4BF64}.Debug|x86.ActiveCfg = Debug|Any CPU
		{3010BD08-601E-4123-86A5-93ACE9E4BF64}.Release|Any CPU.ActiveCfg = Release|Any CPU
		{3010BD08-601E-4123-86A5-93ACE9E4BF64}.Release|Any CPU.Build.0 = Release|Any CPU
		{3010BD08-601E-4123-86A5-93ACE9E4BF64}.Release|Mixed Platforms.ActiveCfg = Release|Any CPU
		{3010BD08-601E-4123-86A5-93ACE9E4BF64}.Release|Mixed Platforms.Build.0 = Release|Any CPU
		{3010BD08-601E-4123-86A5-93ACE9E4BF64}.Release|Win32.ActiveCfg = Release|Any CPU
		{3010BD08-601E-4123-86A5-93ACE9E4BF64}.Release|x86.ActiveCfg = Release|Any CPU
		{2974B68A-90F7-4225-BD26-9414B555AA57}.Debug|Any CPU.ActiveCfg = Debug|Any CPU
		{2974B68A-90F7-4225-BD26-9414B555AA57}.Debug|Any CPU.Build.0 = Debug|Any CPU
		{2974B68A-90F7-4225-BD26-9414B555AA57}.Debug|Mixed Platforms.ActiveCfg = Debug|Any CPU
		{2974B68A-90F7-4225-BD26-9414B555AA57}.Debug|Mixed Platforms.Build.0 = Debug|Any CPU
		{2974B68A-90F7-4225-BD26-9414B555AA57}.Debug|Win32.ActiveCfg = Debug|Any CPU
		{2974B68A-90F7-4225-BD26-9414B555AA57}.Debug|x86.ActiveCfg = Debug|Any CPU
		{2974B68A-90F7-4225-BD26-9414B555AA57}.Release|Any CPU.ActiveCfg = Release|Any CPU
		{2974B68A-90F7-4225-BD26-9414B555AA57}.Release|Any CPU.Build.0 = Release|Any CPU
		{2974B68A-90F7-4225-BD26-9414B555AA57}.Release|Mixed Platforms.ActiveCfg = Release|Any CPU
		{2974B68A-90F7-4225-BD26-9414B555AA57}.Release|Mixed Platforms.Build.0 = Release|Any CPU
		{2974B68A-90F7-4225-BD26-9414B555AA57}.Release|Win32.ActiveCfg = Release|Any CPU
		{2974B68A-90F7-4225-BD26-9414B555AA57}.Release|x86.ActiveCfg = Release|Any CPU
		{33911C36-6472-4E18-9ADD-D11829DA0F53}.Debug|Any CPU.ActiveCfg = Debug|Any CPU
		{33911C36-6472-4E18-9ADD-D11829DA0F53}.Debug|Any CPU.Build.0 = Debug|Any CPU
		{33911C36-6472-4E18-9ADD-D11829DA0F53}.Debug|Mixed Platforms.ActiveCfg = Debug|Any CPU
		{33911C36-6472-4E18-9ADD-D11829DA0F53}.Debug|Mixed Platforms.Build.0 = Debug|Any CPU
		{33911C36-6472-4E18-9ADD-D11829DA0F53}.Debug|Win32.ActiveCfg = Debug|Any CPU
		{33911C36-6472-4E18-9ADD-D11829DA0F53}.Debug|x86.ActiveCfg = Debug|Any CPU
		{33911C36-6472-4E18-9ADD-D11829DA0F53}.Release|Any CPU.ActiveCfg = Release|Any CPU
		{33911C36-6472-4E18-9ADD-D11829DA0F53}.Release|Any CPU.Build.0 = Release|Any CPU
		{33911C36-6472-4E18-9ADD-D11829DA0F53}.Release|Mixed Platforms.ActiveCfg = Release|Any CPU
		{33911C36-6472-4E18-9ADD-D11829DA0F53}.Release|Mixed Platforms.Build.0 = Release|Any CPU
		{33911C36-6472-4E18-9ADD-D11829DA0F53}.Release|Win32.ActiveCfg = Release|Any CPU
		{33911C36-6472-4E18-9ADD-D11829DA0F53}.Release|x86.ActiveCfg = Release|Any CPU
		{75771B97-EFC0-45EC-A527-B32102C5AB68}.Debug|Any CPU.ActiveCfg = Debug|Any CPU
		{75771B97-EFC0-45EC-A527-B32102C5AB68}.Debug|Any CPU.Build.0 = Debug|Any CPU
		{75771B97-EFC0-45EC-A527-B32102C5AB68}.Debug|Mixed Platforms.ActiveCfg = Debug|Any CPU
		{75771B97-EFC0-45EC-A527-B32102C5AB68}.Debug|Mixed Platforms.Build.0 = Debug|Any CPU
		{75771B97-EFC0-45EC-A527-B32102C5AB68}.Debug|Win32.ActiveCfg = Debug|Any CPU
		{75771B97-EFC0-45EC-A527-B32102C5AB68}.Debug|x86.ActiveCfg = Debug|Any CPU
		{75771B97-EFC0-45EC-A527-B32102C5AB68}.Release|Any CPU.ActiveCfg = Release|Any CPU
		{75771B97-EFC0-45EC-A527-B32102C5AB68}.Release|Any CPU.Build.0 = Release|Any CPU
		{75771B97-EFC0-45EC-A527-B32102C5AB68}.Release|Mixed Platforms.ActiveCfg = Release|Any CPU
		{75771B97-EFC0-45EC-A527-B32102C5AB68}.Release|Mixed Platforms.Build.0 = Release|Any CPU
		{75771B97-EFC0-45EC-A527-B32102C5AB68}.Release|Win32.ActiveCfg = Release|Any CPU
		{75771B97-EFC0-45EC-A527-B32102C5AB68}.Release|x86.ActiveCfg = Release|Any CPU
		{8AE2D0C6-252B-41D0-8AD7-843DDB907377}.Debug|Any CPU.ActiveCfg = Debug|Any CPU
		{8AE2D0C6-252B-41D0-8AD7-843DDB907377}.Debug|Any CPU.Build.0 = Debug|Any CPU
		{8AE2D0C6-252B-41D0-8AD7-843DDB907377}.Debug|Mixed Platforms.ActiveCfg = Debug|Any CPU
		{8AE2D0C6-252B-41D0-8AD7-843DDB907377}.Debug|Mixed Platforms.Build.0 = Debug|Any CPU
		{8AE2D0C6-252B-41D0-8AD7-843DDB907377}.Debug|Win32.ActiveCfg = Debug|Any CPU
		{8AE2D0C6-252B-41D0-8AD7-843DDB907377}.Debug|x86.ActiveCfg = Debug|Any CPU
		{8AE2D0C6-252B-41D0-8AD7-843DDB907377}.Release|Any CPU.ActiveCfg = Release|Any CPU
		{8AE2D0C6-252B-41D0-8AD7-843DDB907377}.Release|Any CPU.Build.0 = Release|Any CPU
		{8AE2D0C6-252B-41D0-8AD7-843DDB907377}.Release|Mixed Platforms.ActiveCfg = Release|Any CPU
		{8AE2D0C6-252B-41D0-8AD7-843DDB907377}.Release|Mixed Platforms.Build.0 = Release|Any CPU
		{8AE2D0C6-252B-41D0-8AD7-843DDB907377}.Release|Win32.ActiveCfg = Release|Any CPU
		{8AE2D0C6-252B-41D0-8AD7-843DDB907377}.Release|x86.ActiveCfg = Release|Any CPU
		{7B978A53-598D-445D-AF78-5A762C3AD42C}.Debug|Any CPU.ActiveCfg = Debug|Any CPU
		{7B978A53-598D-445D-AF78-5A762C3AD42C}.Debug|Any CPU.Build.0 = Debug|Any CPU
		{7B978A53-598D-445D-AF78-5A762C3AD42C}.Debug|Mixed Platforms.ActiveCfg = Debug|Any CPU
		{7B978A53-598D-445D-AF78-5A762C3AD42C}.Debug|Mixed Platforms.Build.0 = Debug|Any CPU
		{7B978A53-598D-445D-AF78-5A762C3AD42C}.Debug|Win32.ActiveCfg = Debug|Any CPU
		{7B978A53-598D-445D-AF78-5A762C3AD42C}.Debug|x86.ActiveCfg = Debug|Any CPU
		{7B978A53-598D-445D-AF78-5A762C3AD42C}.Release|Any CPU.ActiveCfg = Release|Any CPU
		{7B978A53-598D-445D-AF78-5A762C3AD42C}.Release|Any CPU.Build.0 = Release|Any CPU
		{7B978A53-598D-445D-AF78-5A762C3AD42C}.Release|Mixed Platforms.ActiveCfg = Release|Any CPU
		{7B978A53-598D-445D-AF78-5A762C3AD42C}.Release|Mixed Platforms.Build.0 = Release|Any CPU
		{7B978A53-598D-445D-AF78-5A762C3AD42C}.Release|Win32.ActiveCfg = Release|Any CPU
		{7B978A53-598D-445D-AF78-5A762C3AD42C}.Release|x86.ActiveCfg = Release|Any CPU
		{16D7EF65-7B7A-4C64-AA9A-5CFF6765AD14}.Debug|Any CPU.ActiveCfg = Debug|Any CPU
		{16D7EF65-7B7A-4C64-AA9A-5CFF6765AD14}.Debug|Any CPU.Build.0 = Debug|Any CPU
		{16D7EF65-7B7A-4C64-AA9A-5CFF6765AD14}.Debug|Mixed Platforms.ActiveCfg = Debug|Any CPU
		{16D7EF65-7B7A-4C64-AA9A-5CFF6765AD14}.Debug|Mixed Platforms.Build.0 = Debug|Any CPU
		{16D7EF65-7B7A-4C64-AA9A-5CFF6765AD14}.Debug|Win32.ActiveCfg = Debug|Any CPU
		{16D7EF65-7B7A-4C64-AA9A-5CFF6765AD14}.Debug|x86.ActiveCfg = Debug|Any CPU
		{16D7EF65-7B7A-4C64-AA9A-5CFF6765AD14}.Release|Any CPU.ActiveCfg = Release|Any CPU
		{16D7EF65-7B7A-4C64-AA9A-5CFF6765AD14}.Release|Any CPU.Build.0 = Release|Any CPU
		{16D7EF65-7B7A-4C64-AA9A-5CFF6765AD14}.Release|Mixed Platforms.ActiveCfg = Release|Any CPU
		{16D7EF65-7B7A-4C64-AA9A-5CFF6765AD14}.Release|Mixed Platforms.Build.0 = Release|Any CPU
		{16D7EF65-7B7A-4C64-AA9A-5CFF6765AD14}.Release|Win32.ActiveCfg = Release|Any CPU
		{16D7EF65-7B7A-4C64-AA9A-5CFF6765AD14}.Release|x86.ActiveCfg = Release|Any CPU
		{3FC29BC8-208B-4B67-B222-B5DE9AA3C65B}.Debug|Any CPU.ActiveCfg = Debug|Any CPU
		{3FC29BC8-208B-4B67-B222-B5DE9AA3C65B}.Debug|Any CPU.Build.0 = Debug|Any CPU
		{3FC29BC8-208B-4B67-B222-B5DE9AA3C65B}.Debug|Mixed Platforms.ActiveCfg = Debug|Any CPU
		{3FC29BC8-208B-4B67-B222-B5DE9AA3C65B}.Debug|Mixed Platforms.Build.0 = Debug|Any CPU
		{3FC29BC8-208B-4B67-B222-B5DE9AA3C65B}.Debug|Win32.ActiveCfg = Debug|Any CPU
		{3FC29BC8-208B-4B67-B222-B5DE9AA3C65B}.Debug|x86.ActiveCfg = Debug|Any CPU
		{3FC29BC8-208B-4B67-B222-B5DE9AA3C65B}.Release|Any CPU.ActiveCfg = Release|Any CPU
		{3FC29BC8-208B-4B67-B222-B5DE9AA3C65B}.Release|Any CPU.Build.0 = Release|Any CPU
		{3FC29BC8-208B-4B67-B222-B5DE9AA3C65B}.Release|Mixed Platforms.ActiveCfg = Release|Any CPU
		{3FC29BC8-208B-4B67-B222-B5DE9AA3C65B}.Release|Mixed Platforms.Build.0 = Release|Any CPU
		{3FC29BC8-208B-4B67-B222-B5DE9AA3C65B}.Release|Win32.ActiveCfg = Release|Any CPU
		{3FC29BC8-208B-4B67-B222-B5DE9AA3C65B}.Release|x86.ActiveCfg = Release|Any CPU
		{CB78114A-2C36-459D-A462-4061267CEECC}.Debug|Any CPU.ActiveCfg = Debug|Win32
		{CB78114A-2C36-459D-A462-4061267CEECC}.Debug|Any CPU.Build.0 = Debug|Win32
		{CB78114A-2C36-459D-A462-4061267CEECC}.Debug|Mixed Platforms.ActiveCfg = Debug|Win32
		{CB78114A-2C36-459D-A462-4061267CEECC}.Debug|Mixed Platforms.Build.0 = Debug|Win32
		{CB78114A-2C36-459D-A462-4061267CEECC}.Debug|Win32.ActiveCfg = Debug|Win32
		{CB78114A-2C36-459D-A462-4061267CEECC}.Debug|Win32.Build.0 = Debug|Win32
		{CB78114A-2C36-459D-A462-4061267CEECC}.Debug|x86.ActiveCfg = Debug|Win32
		{CB78114A-2C36-459D-A462-4061267CEECC}.Debug|x86.Build.0 = Debug|Win32
		{CB78114A-2C36-459D-A462-4061267CEECC}.Release|Any CPU.ActiveCfg = Release|Win32
		{CB78114A-2C36-459D-A462-4061267CEECC}.Release|Any CPU.Build.0 = Release|Win32
		{CB78114A-2C36-459D-A462-4061267CEECC}.Release|Mixed Platforms.ActiveCfg = Release|Win32
		{CB78114A-2C36-459D-A462-4061267CEECC}.Release|Mixed Platforms.Build.0 = Release|Win32
		{CB78114A-2C36-459D-A462-4061267CEECC}.Release|Win32.ActiveCfg = Release|Win32
		{CB78114A-2C36-459D-A462-4061267CEECC}.Release|Win32.Build.0 = Release|Win32
		{CB78114A-2C36-459D-A462-4061267CEECC}.Release|x86.ActiveCfg = Release|Win32
		{CB78114A-2C36-459D-A462-4061267CEECC}.Release|x86.Build.0 = Release|Win32
		{F2B03162-2F5C-4518-87A5-41DB45B7F22A}.Debug|Any CPU.ActiveCfg = Debug|Any CPU
		{F2B03162-2F5C-4518-87A5-41DB45B7F22A}.Debug|Any CPU.Build.0 = Debug|Any CPU
		{F2B03162-2F5C-4518-87A5-41DB45B7F22A}.Debug|Mixed Platforms.ActiveCfg = Debug|Any CPU
		{F2B03162-2F5C-4518-87A5-41DB45B7F22A}.Debug|Mixed Platforms.Build.0 = Debug|Any CPU
		{F2B03162-2F5C-4518-87A5-41DB45B7F22A}.Debug|Win32.ActiveCfg = Debug|Any CPU
		{F2B03162-2F5C-4518-87A5-41DB45B7F22A}.Debug|x86.ActiveCfg = Debug|Any CPU
		{F2B03162-2F5C-4518-87A5-41DB45B7F22A}.Release|Any CPU.ActiveCfg = Release|Any CPU
		{F2B03162-2F5C-4518-87A5-41DB45B7F22A}.Release|Any CPU.Build.0 = Release|Any CPU
		{F2B03162-2F5C-4518-87A5-41DB45B7F22A}.Release|Mixed Platforms.ActiveCfg = Release|Any CPU
		{F2B03162-2F5C-4518-87A5-41DB45B7F22A}.Release|Mixed Platforms.Build.0 = Release|Any CPU
		{F2B03162-2F5C-4518-87A5-41DB45B7F22A}.Release|Win32.ActiveCfg = Release|Any CPU
		{F2B03162-2F5C-4518-87A5-41DB45B7F22A}.Release|x86.ActiveCfg = Release|Any CPU
		{281E03FD-C141-4CD6-A4C2-7FB74A78E063}.Debug|Any CPU.ActiveCfg = Debug|Any CPU
		{281E03FD-C141-4CD6-A4C2-7FB74A78E063}.Debug|Any CPU.Build.0 = Debug|Any CPU
		{281E03FD-C141-4CD6-A4C2-7FB74A78E063}.Debug|Mixed Platforms.ActiveCfg = Debug|Any CPU
		{281E03FD-C141-4CD6-A4C2-7FB74A78E063}.Debug|Mixed Platforms.Build.0 = Debug|Any CPU
		{281E03FD-C141-4CD6-A4C2-7FB74A78E063}.Debug|Win32.ActiveCfg = Debug|Any CPU
		{281E03FD-C141-4CD6-A4C2-7FB74A78E063}.Debug|x86.ActiveCfg = Debug|Any CPU
		{281E03FD-C141-4CD6-A4C2-7FB74A78E063}.Release|Any CPU.ActiveCfg = Release|Any CPU
		{281E03FD-C141-4CD6-A4C2-7FB74A78E063}.Release|Any CPU.Build.0 = Release|Any CPU
		{281E03FD-C141-4CD6-A4C2-7FB74A78E063}.Release|Mixed Platforms.ActiveCfg = Release|Any CPU
		{281E03FD-C141-4CD6-A4C2-7FB74A78E063}.Release|Mixed Platforms.Build.0 = Release|Any CPU
		{281E03FD-C141-4CD6-A4C2-7FB74A78E063}.Release|Win32.ActiveCfg = Release|Any CPU
		{281E03FD-C141-4CD6-A4C2-7FB74A78E063}.Release|x86.ActiveCfg = Release|Any CPU
		{63D06884-A5E5-4071-8BC7-5C2C2AAFB607}.Debug|Any CPU.ActiveCfg = Debug|Win32
		{63D06884-A5E5-4071-8BC7-5C2C2AAFB607}.Debug|Any CPU.Build.0 = Debug|Win32
		{63D06884-A5E5-4071-8BC7-5C2C2AAFB607}.Debug|Mixed Platforms.ActiveCfg = Debug|Win32
		{63D06884-A5E5-4071-8BC7-5C2C2AAFB607}.Debug|Mixed Platforms.Build.0 = Debug|Win32
		{63D06884-A5E5-4071-8BC7-5C2C2AAFB607}.Debug|Win32.ActiveCfg = Debug|Win32
		{63D06884-A5E5-4071-8BC7-5C2C2AAFB607}.Debug|Win32.Build.0 = Debug|Win32
		{63D06884-A5E5-4071-8BC7-5C2C2AAFB607}.Debug|x86.ActiveCfg = Debug|Win32
		{63D06884-A5E5-4071-8BC7-5C2C2AAFB607}.Debug|x86.Build.0 = Debug|Win32
		{63D06884-A5E5-4071-8BC7-5C2C2AAFB607}.Release|Any CPU.ActiveCfg = Release|Win32
		{63D06884-A5E5-4071-8BC7-5C2C2AAFB607}.Release|Any CPU.Build.0 = Release|Win32
		{63D06884-A5E5-4071-8BC7-5C2C2AAFB607}.Release|Mixed Platforms.ActiveCfg = Release|Win32
		{63D06884-A5E5-4071-8BC7-5C2C2AAFB607}.Release|Mixed Platforms.Build.0 = Release|Win32
		{63D06884-A5E5-4071-8BC7-5C2C2AAFB607}.Release|Win32.ActiveCfg = Release|Win32
		{63D06884-A5E5-4071-8BC7-5C2C2AAFB607}.Release|Win32.Build.0 = Release|Win32
		{63D06884-A5E5-4071-8BC7-5C2C2AAFB607}.Release|x86.ActiveCfg = Release|Win32
		{63D06884-A5E5-4071-8BC7-5C2C2AAFB607}.Release|x86.Build.0 = Release|Win32
		{DBBD8F6C-B452-46A9-AFF0-65E4429E04F1}.Debug|Any CPU.ActiveCfg = Debug|Win32
		{DBBD8F6C-B452-46A9-AFF0-65E4429E04F1}.Debug|Any CPU.Build.0 = Debug|Win32
		{DBBD8F6C-B452-46A9-AFF0-65E4429E04F1}.Debug|Mixed Platforms.ActiveCfg = Debug|Win32
		{DBBD8F6C-B452-46A9-AFF0-65E4429E04F1}.Debug|Mixed Platforms.Build.0 = Debug|Win32
		{DBBD8F6C-B452-46A9-AFF0-65E4429E04F1}.Debug|Win32.ActiveCfg = Debug|Win32
		{DBBD8F6C-B452-46A9-AFF0-65E4429E04F1}.Debug|Win32.Build.0 = Debug|Win32
		{DBBD8F6C-B452-46A9-AFF0-65E4429E04F1}.Debug|x86.ActiveCfg = Debug|Win32
		{DBBD8F6C-B452-46A9-AFF0-65E4429E04F1}.Debug|x86.Build.0 = Debug|Win32
		{DBBD8F6C-B452-46A9-AFF0-65E4429E04F1}.Release|Any CPU.ActiveCfg = Release|Win32
		{DBBD8F6C-B452-46A9-AFF0-65E4429E04F1}.Release|Any CPU.Build.0 = Release|Win32
		{DBBD8F6C-B452-46A9-AFF0-65E4429E04F1}.Release|Mixed Platforms.ActiveCfg = Release|Win32
		{DBBD8F6C-B452-46A9-AFF0-65E4429E04F1}.Release|Mixed Platforms.Build.0 = Release|Win32
		{DBBD8F6C-B452-46A9-AFF0-65E4429E04F1}.Release|Win32.ActiveCfg = Release|Win32
		{DBBD8F6C-B452-46A9-AFF0-65E4429E04F1}.Release|Win32.Build.0 = Release|Win32
		{DBBD8F6C-B452-46A9-AFF0-65E4429E04F1}.Release|x86.ActiveCfg = Release|Win32
		{DBBD8F6C-B452-46A9-AFF0-65E4429E04F1}.Release|x86.Build.0 = Release|Win32
		{1BC0ACB8-C2F9-42D2-9C80-30A34D5C8C7B}.Debug|Any CPU.ActiveCfg = Debug|Win32
		{1BC0ACB8-C2F9-42D2-9C80-30A34D5C8C7B}.Debug|Any CPU.Build.0 = Debug|Win32
		{1BC0ACB8-C2F9-42D2-9C80-30A34D5C8C7B}.Debug|Mixed Platforms.ActiveCfg = Debug|Win32
		{1BC0ACB8-C2F9-42D2-9C80-30A34D5C8C7B}.Debug|Mixed Platforms.Build.0 = Debug|Win32
		{1BC0ACB8-C2F9-42D2-9C80-30A34D5C8C7B}.Debug|Win32.ActiveCfg = Debug|Win32
		{1BC0ACB8-C2F9-42D2-9C80-30A34D5C8C7B}.Debug|Win32.Build.0 = Debug|Win32
		{1BC0ACB8-C2F9-42D2-9C80-30A34D5C8C7B}.Debug|x86.ActiveCfg = Debug|Win32
		{1BC0ACB8-C2F9-42D2-9C80-30A34D5C8C7B}.Debug|x86.Build.0 = Debug|Win32
		{1BC0ACB8-C2F9-42D2-9C80-30A34D5C8C7B}.Release|Any CPU.ActiveCfg = Release|Win32
		{1BC0ACB8-C2F9-42D2-9C80-30A34D5C8C7B}.Release|Any CPU.Build.0 = Release|Win32
		{1BC0ACB8-C2F9-42D2-9C80-30A34D5C8C7B}.Release|Mixed Platforms.ActiveCfg = Release|Win32
		{1BC0ACB8-C2F9-42D2-9C80-30A34D5C8C7B}.Release|Mixed Platforms.Build.0 = Release|Win32
		{1BC0ACB8-C2F9-42D2-9C80-30A34D5C8C7B}.Release|Win32.ActiveCfg = Release|Win32
		{1BC0ACB8-C2F9-42D2-9C80-30A34D5C8C7B}.Release|Win32.Build.0 = Release|Win32
		{1BC0ACB8-C2F9-42D2-9C80-30A34D5C8C7B}.Release|x86.ActiveCfg = Release|Win32
		{1BC0ACB8-C2F9-42D2-9C80-30A34D5C8C7B}.Release|x86.Build.0 = Release|Win32
		{7C22CD86-4FCF-496A-861D-98F35665559B}.Debug|Any CPU.ActiveCfg = Debug|Win32
		{7C22CD86-4FCF-496A-861D-98F35665559B}.Debug|Any CPU.Build.0 = Debug|Win32
		{7C22CD86-4FCF-496A-861D-98F35665559B}.Debug|Mixed Platforms.ActiveCfg = Debug|Win32
		{7C22CD86-4FCF-496A-861D-98F35665559B}.Debug|Mixed Platforms.Build.0 = Debug|Win32
		{7C22CD86-4FCF-496A-861D-98F35665559B}.Debug|Win32.ActiveCfg = Debug|Win32
		{7C22CD86-4FCF-496A-861D-98F35665559B}.Debug|Win32.Build.0 = Debug|Win32
		{7C22CD86-4FCF-496A-861D-98F35665559B}.Debug|x86.ActiveCfg = Debug|Win32
		{7C22CD86-4FCF-496A-861D-98F35665559B}.Debug|x86.Build.0 = Debug|Win32
		{7C22CD86-4FCF-496A-861D-98F35665559B}.Release|Any CPU.ActiveCfg = Release|Win32
		{7C22CD86-4FCF-496A-861D-98F35665559B}.Release|Any CPU.Build.0 = Release|Win32
		{7C22CD86-4FCF-496A-861D-98F35665559B}.Release|Mixed Platforms.ActiveCfg = Release|Win32
		{7C22CD86-4FCF-496A-861D-98F35665559B}.Release|Mixed Platforms.Build.0 = Release|Win32
		{7C22CD86-4FCF-496A-861D-98F35665559B}.Release|Win32.ActiveCfg = Release|Win32
		{7C22CD86-4FCF-496A-861D-98F35665559B}.Release|Win32.Build.0 = Release|Win32
		{7C22CD86-4FCF-496A-861D-98F35665559B}.Release|x86.ActiveCfg = Release|Win32
		{7C22CD86-4FCF-496A-861D-98F35665559B}.Release|x86.Build.0 = Release|Win32
	EndGlobalSection
	GlobalSection(SolutionProperties) = preSolution
		HideSolutionNode = FALSE
	EndGlobalSection
	GlobalSection(MonoDevelopProperties) = preSolution
		StartupItem = AnonymousMpcApp\AnonymousMpcApp.csproj
		Policies = $0
		$0.TextStylePolicy = $3
		$1.inheritsSet = null
		$1.scope = text/x-csharp
		$0.CSharpFormattingPolicy = $2
		$2.inheritsSet = Mono
		$2.inheritsScope = text/x-csharp
		$2.scope = text/x-csharp
		$3.TabWidth = 4
		$3.RemoveTrailingWhitespace = True
		$3.EolMarker = Windows
		$3.inheritsSet = Mono
		$3.inheritsScope = text/plain
		$3.scope = text/plain
	EndGlobalSection
EndGlobal
