<?xml version="1.0" encoding="utf-8"?>
<Project ToolsVersion="4.0" xmlns="http://schemas.microsoft.com/developer/msbuild/2003">
  <ItemGroup>
    <Filter Include="Source Files">
      <UniqueIdentifier>{4FC737F1-C7A5-4376-A066-2A32D752A2FF}</UniqueIdentifier>
      <Extensions>cpp;c;cc;cxx;def;odl;idl;hpj;bat;asm;asmx</Extensions>
    </Filter>
    <Filter Include="Header Files">
      <UniqueIdentifier>{93995380-89BD-4b04-88EB-625FBE52EBFB}</UniqueIdentifier>
      <Extensions>h;hh;hpp;hxx;hm;inl;inc;xsd</Extensions>
    </Filter>
    <Filter Include="Resource Files">
      <UniqueIdentifier>{67DA6AB6-F800-4c08-8B7A-83BB121AAD01}</UniqueIdentifier>
      <Extensions>rc;ico;cur;bmp;dlg;rc2;rct;bin;rgs;gif;jpg;jpeg;jpe;resx;tiff;tif;png;wav;mfcribbon-ms</Extensions>
    </Filter>
  </ItemGroup>
  <ItemGroup>
    <ClCompile Include="arith\dlog.cpp">
      <Filter>Source Files</Filter>
    </ClCompile>
    <ClCompile Include="arith\fasterfp.cpp">
      <Filter>Source Files</Filter>
    </ClCompile>
    <ClCompile Include="arith\fastfp.cpp">
      <Filter>Source Files</Filter>
    </ClCompile>
    <ClCompile Include="arith\field.cpp">
      <Filter>Source Files</Filter>
    </ClCompile>
    <ClCompile Include="arith\fieldquadratic.cpp">
      <Filter>Source Files</Filter>
    </ClCompile>
    <ClCompile Include="arith\fp.cpp">
      <Filter>Source Files</Filter>
    </ClCompile>
    <ClCompile Include="arith\init_random.win32.cpp">
      <Filter>Source Files</Filter>
    </ClCompile>
    <ClCompile Include="arith\montfp.cpp">
      <Filter>Source Files</Filter>
    </ClCompile>
    <ClCompile Include="arith\multiz.cpp">
      <Filter>Source Files</Filter>
    </ClCompile>
    <ClCompile Include="arith\naivefp.cpp">
      <Filter>Source Files</Filter>
    </ClCompile>
    <ClCompile Include="arith\poly.cpp">
      <Filter>Source Files</Filter>
    </ClCompile>
    <ClCompile Include="arith\random.cpp">
      <Filter>Source Files</Filter>
    </ClCompile>
    <ClCompile Include="arith\ternary_extension_field.cpp">
      <Filter>Source Files</Filter>
    </ClCompile>
    <ClCompile Include="arith\tinyfp.cpp">
      <Filter>Source Files</Filter>
    </ClCompile>
    <ClCompile Include="arith\z.cpp">
      <Filter>Source Files</Filter>
    </ClCompile>
    <ClCompile Include="ecc\a_param.cpp">
      <Filter>Source Files</Filter>
    </ClCompile>
    <ClCompile Include="ecc\curve.cpp">
      <Filter>Source Files</Filter>
    </ClCompile>
    <ClCompile Include="ecc\d_param.cpp">
      <Filter>Source Files</Filter>
    </ClCompile>
    <ClCompile Include="ecc\eta_T_3.cpp">
      <Filter>Source Files</Filter>
    </ClCompile>
    <ClCompile Include="ecc\e_param.cpp">
      <Filter>Source Files</Filter>
    </ClCompile>
    <ClCompile Include="ecc\f_param.cpp">
      <Filter>Source Files</Filter>
    </ClCompile>
    <ClCompile Include="ecc\g_param.cpp">
      <Filter>Source Files</Filter>
    </ClCompile>
    <ClCompile Include="ecc\hilbert.cpp">
      <Filter>Source Files</Filter>
    </ClCompile>
    <ClCompile Include="ecc\mnt.cpp">
      <Filter>Source Files</Filter>
    </ClCompile>
    <ClCompile Include="ecc\mpc.cpp">
      <Filter>Source Files</Filter>
    </ClCompile>
    <ClCompile Include="ecc\pairing.cpp">
      <Filter>Source Files</Filter>
    </ClCompile>
    <ClCompile Include="ecc\param.cpp">
      <Filter>Source Files</Filter>
    </ClCompile>
    <ClCompile Include="ecc\singular.cpp">
      <Filter>Source Files</Filter>
    </ClCompile>
    <ClCompile Include="misc\darray.cpp">
      <Filter>Source Files</Filter>
    </ClCompile>
    <ClCompile Include="misc\extend_printf.cpp">
      <Filter>Source Files</Filter>
    </ClCompile>
    <ClCompile Include="misc\memory.cpp">
      <Filter>Source Files</Filter>
    </ClCompile>
    <ClCompile Include="misc\symtab.cpp">
      <Filter>Source Files</Filter>
    </ClCompile>
    <ClCompile Include="misc\utils.cpp">
      <Filter>Source Files</Filter>
    </ClCompile>
    <ClCompile Include="pbc\pbc.cpp">
      <Filter>Source Files</Filter>
    </ClCompile>
  </ItemGroup>
  <ItemGroup>
    <ClInclude Include="ecc\mpc.h">
      <Filter>Header Files</Filter>
    </ClInclude>
    <ClInclude Include="ecc\param.h">
      <Filter>Header Files</Filter>
    </ClInclude>
    <ClInclude Include="include\pbc.h">
      <Filter>Header Files</Filter>
    </ClInclude>
    <ClInclude Include="include\pbc_a1_param.h">
      <Filter>Header Files</Filter>
    </ClInclude>
    <ClInclude Include="include\pbc_a_param.h">
      <Filter>Header Files</Filter>
    </ClInclude>
    <ClInclude Include="include\pbc_curve.h">
      <Filter>Header Files</Filter>
    </ClInclude>
    <ClInclude Include="include\pbc_d_param.h">
      <Filter>Header Files</Filter>
    </ClInclude>
    <ClInclude Include="include\pbc_e_param.h">
      <Filter>Header Files</Filter>
    </ClInclude>
    <ClInclude Include="include\pbc_field.h">
      <Filter>Header Files</Filter>
    </ClInclude>
    <ClInclude Include="include\pbc_fieldquadratic.h">
      <Filter>Header Files</Filter>
    </ClInclude>
    <ClInclude Include="include\pbc_fp.h">
      <Filter>Header Files</Filter>
    </ClInclude>
    <ClInclude Include="include\pbc_f_param.h">
      <Filter>Header Files</Filter>
    </ClInclude>
    <ClInclude Include="include\pbc_g_param.h">
      <Filter>Header Files</Filter>
    </ClInclude>
    <ClInclude Include="include\pbc_hilbert.h">
      <Filter>Header Files</Filter>
    </ClInclude>
    <ClInclude Include="include\pbc_i_param.h">
      <Filter>Header Files</Filter>
    </ClInclude>
    <ClInclude Include="include\pbc_memory.h">
      <Filter>Header Files</Filter>
    </ClInclude>
    <ClInclude Include="include\pbc_mnt.h">
      <Filter>Header Files</Filter>
    </ClInclude>
    <ClInclude Include="include\pbc_multiz.h">
      <Filter>Header Files</Filter>
    </ClInclude>
    <ClInclude Include="include\pbc_pairing.h">
      <Filter>Header Files</Filter>
    </ClInclude>
    <ClInclude Include="include\pbc_param.h">
      <Filter>Header Files</Filter>
    </ClInclude>
    <ClInclude Include="include\pbc_poly.h">
      <Filter>Header Files</Filter>
    </ClInclude>
    <ClInclude Include="include\pbc_random.h">
      <Filter>Header Files</Filter>
    </ClInclude>
    <ClInclude Include="include\pbc_singular.h">
      <Filter>Header Files</Filter>
    </ClInclude>
    <ClInclude Include="include\pbc_ternary_extension_field.h">
      <Filter>Header Files</Filter>
    </ClInclude>
    <ClInclude Include="include\pbc_test.h">
      <Filter>Header Files</Filter>
    </ClInclude>
    <ClInclude Include="include\pbc_utils.h">
      <Filter>Header Files</Filter>
    </ClInclude>
    <ClInclude Include="include\pbc_z.h">
      <Filter>Header Files</Filter>
    </ClInclude>
    <ClInclude Include="misc\darray.h">
      <Filter>Header Files</Filter>
    </ClInclude>
    <ClInclude Include="misc\symtab.h">
      <Filter>Header Files</Filter>
    </ClInclude>
  </ItemGroup>
  <ItemGroup>
    <Text Include="README.txt" />
  </ItemGroup>
</Project>