
Microsoft Visual Studio Solution File, Format Version 12.00
# Visual Studio 2013
VisualStudioVersion = 12.0.21005.1
MinimumVisualStudioVersion = 10.0.40219.1
Project("{FAE04EC0-301F-11D3-BF4B-00C04F79EFBC}") = "Test", "Test\Test.csproj", "{41AD025A-ED84-4CC6-88A8-FC56A693426B}"
EndProject
Project("{8BC9CEB8-8B4A-11D0-8D11-00A0C91BC942}") = "PolyCommit", "PolyCommit\PolyCommit.vcxproj", "{DBBD8F6C-B452-46A9-AFF0-65E4429E04F1}"
EndProject
Project("{8BC9CEB8-8B4A-11D0-8D11-00A0C91BC942}") = "ntl-6.1.0-vc", "..\ntl-6.1.0-vc\ntl-6.1.0-vc.vcxproj", "{1BC0ACB8-C2F9-42D2-9C80-30A34D5C8C7B}"
EndProject
Project("{8BC9CEB8-8B4A-11D0-8D11-00A0C91BC942}") = "pbc-0.5.14-vc", "..\pbc-0.5.14-vc\pbc-vc.vcxproj", "{7C22CD86-4FCF-496A-861D-98F35665559B}"
EndProject
Project("{FAE04EC0-301F-11D3-BF4B-00C04F79EFBC}") = "FiniteField", "..\FiniteField\FiniteField.csproj", "{3FC29BC8-208B-4B67-B222-B5DE9AA3C65B}"
EndProject
Project("{FAE04EC0-301F-11D3-BF4B-00C04F79EFBC}") = "Common", "..\Common\Common.csproj", "{281E03FD-C141-4CD6-A4C2-7FB74A78E063}"
EndProject
Project("{FAE04EC0-301F-11D3-BF4B-00C04F79EFBC}") = "StochasticUtils", "..\StochasticUtils\StochasticUtils.csproj", "{4966DB10-9B4A-426F-8D36-D56D47CBE0AC}"
EndProject
Global
	GlobalSection(SubversionScc) = preSolution
		Svn-Managed = True
		Manager = AnkhSVN - Subversion Support for Visual Studio
	EndGlobalSection
	GlobalSection(SolutionConfigurationPlatforms) = preSolution
		Debug|Any CPU = Debug|Any CPU
		Debug|Mixed Platforms = Debug|Mixed Platforms
		Debug|Win32 = Debug|Win32
		Release|Any CPU = Release|Any CPU
		Release|Mixed Platforms = Release|Mixed Platforms
		Release|Win32 = Release|Win32
		SimDebug|Any CPU = SimDebug|Any CPU
		SimDebug|Mixed Platforms = SimDebug|Mixed Platforms
		SimDebug|Win32 = SimDebug|Win32
		SimNoCompRelease|Any CPU = SimNoCompRelease|Any CPU
		SimNoCompRelease|Mixed Platforms = SimNoCompRelease|Mixed Platforms
		SimNoCompRelease|Win32 = SimNoCompRelease|Win32
		SimRelease|Any CPU = SimRelease|Any CPU
		SimRelease|Mixed Platforms = SimRelease|Mixed Platforms
		SimRelease|Win32 = SimRelease|Win32
	EndGlobalSection
	GlobalSection(ProjectConfigurationPlatforms) = postSolution
		{41AD025A-ED84-4CC6-88A8-FC56A693426B}.Debug|Any CPU.ActiveCfg = Debug|Any CPU
		{41AD025A-ED84-4CC6-88A8-FC56A693426B}.Debug|Any CPU.Build.0 = Debug|Any CPU
		{41AD025A-ED84-4CC6-88A8-FC56A693426B}.Debug|Mixed Platforms.ActiveCfg = Debug|Any CPU
		{41AD025A-ED84-4CC6-88A8-FC56A693426B}.Debug|Mixed Platforms.Build.0 = Debug|Any CPU
		{41AD025A-ED84-4CC6-88A8-FC56A693426B}.Debug|Win32.ActiveCfg = Debug|Any CPU
		{41AD025A-ED84-4CC6-88A8-FC56A693426B}.Release|Any CPU.ActiveCfg = Release|Any CPU
		{41AD025A-ED84-4CC6-88A8-FC56A693426B}.Release|Any CPU.Build.0 = Release|Any CPU
		{41AD025A-ED84-4CC6-88A8-FC56A693426B}.Release|Mixed Platforms.ActiveCfg = Release|Any CPU
		{41AD025A-ED84-4CC6-88A8-FC56A693426B}.Release|Mixed Platforms.Build.0 = Release|Any CPU
		{41AD025A-ED84-4CC6-88A8-FC56A693426B}.Release|Win32.ActiveCfg = Release|Any CPU
		{41AD025A-ED84-4CC6-88A8-FC56A693426B}.SimDebug|Any CPU.ActiveCfg = Debug|Any CPU
		{41AD025A-ED84-4CC6-88A8-FC56A693426B}.SimDebug|Any CPU.Build.0 = Debug|Any CPU
		{41AD025A-ED84-4CC6-88A8-FC56A693426B}.SimDebug|Mixed Platforms.ActiveCfg = Debug|Any CPU
		{41AD025A-ED84-4CC6-88A8-FC56A693426B}.SimDebug|Mixed Platforms.Build.0 = Debug|Any CPU
		{41AD025A-ED84-4CC6-88A8-FC56A693426B}.SimDebug|Win32.ActiveCfg = Debug|Any CPU
		{41AD025A-ED84-4CC6-88A8-FC56A693426B}.SimNoCompRelease|Any CPU.ActiveCfg = Release|Any CPU
		{41AD025A-ED84-4CC6-88A8-FC56A693426B}.SimNoCompRelease|Any CPU.Build.0 = Release|Any CPU
		{41AD025A-ED84-4CC6-88A8-FC56A693426B}.SimNoCompRelease|Mixed Platforms.ActiveCfg = Release|Any CPU
		{41AD025A-ED84-4CC6-88A8-FC56A693426B}.SimNoCompRelease|Mixed Platforms.Build.0 = Release|Any CPU
		{41AD025A-ED84-4CC6-88A8-FC56A693426B}.SimNoCompRelease|Win32.ActiveCfg = Release|Any CPU
		{41AD025A-ED84-4CC6-88A8-FC56A693426B}.SimRelease|Any CPU.ActiveCfg = Release|Any CPU
		{41AD025A-ED84-4CC6-88A8-FC56A693426B}.SimRelease|Any CPU.Build.0 = Release|Any CPU
		{41AD025A-ED84-4CC6-88A8-FC56A693426B}.SimRelease|Mixed Platforms.ActiveCfg = Release|Any CPU
		{41AD025A-ED84-4CC6-88A8-FC56A693426B}.SimRelease|Mixed Platforms.Build.0 = Release|Any CPU
		{41AD025A-ED84-4CC6-88A8-FC56A693426B}.SimRelease|Win32.ActiveCfg = Release|Any CPU
		{DBBD8F6C-B452-46A9-AFF0-65E4429E04F1}.Debug|Any CPU.ActiveCfg = Debug|Win32
		{DBBD8F6C-B452-46A9-AFF0-65E4429E04F1}.Debug|Mixed Platforms.ActiveCfg = Debug|Win32
		{DBBD8F6C-B452-46A9-AFF0-65E4429E04F1}.Debug|Mixed Platforms.Build.0 = Debug|Win32
		{DBBD8F6C-B452-46A9-AFF0-65E4429E04F1}.Debug|Win32.ActiveCfg = Debug|Win32
		{DBBD8F6C-B452-46A9-AFF0-65E4429E04F1}.Debug|Win32.Build.0 = Debug|Win32
		{DBBD8F6C-B452-46A9-AFF0-65E4429E04F1}.Release|Any CPU.ActiveCfg = Release|Win32
		{DBBD8F6C-B452-46A9-AFF0-65E4429E04F1}.Release|Mixed Platforms.ActiveCfg = Release|Win32
		{DBBD8F6C-B452-46A9-AFF0-65E4429E04F1}.Release|Mixed Platforms.Build.0 = Release|Win32
		{DBBD8F6C-B452-46A9-AFF0-65E4429E04F1}.Release|Win32.ActiveCfg = Release|Win32
		{DBBD8F6C-B452-46A9-AFF0-65E4429E04F1}.Release|Win32.Build.0 = Release|Win32
		{DBBD8F6C-B452-46A9-AFF0-65E4429E04F1}.SimDebug|Any CPU.ActiveCfg = Debug|Win32
		{DBBD8F6C-B452-46A9-AFF0-65E4429E04F1}.SimDebug|Mixed Platforms.ActiveCfg = Debug|Win32
		{DBBD8F6C-B452-46A9-AFF0-65E4429E04F1}.SimDebug|Mixed Platforms.Build.0 = Debug|Win32
		{DBBD8F6C-B452-46A9-AFF0-65E4429E04F1}.SimDebug|Win32.ActiveCfg = Debug|Win32
		{DBBD8F6C-B452-46A9-AFF0-65E4429E04F1}.SimDebug|Win32.Build.0 = Debug|Win32
		{DBBD8F6C-B452-46A9-AFF0-65E4429E04F1}.SimNoCompRelease|Any CPU.ActiveCfg = Release|Win32
		{DBBD8F6C-B452-46A9-AFF0-65E4429E04F1}.SimNoCompRelease|Mixed Platforms.ActiveCfg = Release|Win32
		{DBBD8F6C-B452-46A9-AFF0-65E4429E04F1}.SimNoCompRelease|Mixed Platforms.Build.0 = Release|Win32
		{DBBD8F6C-B452-46A9-AFF0-65E4429E04F1}.SimNoCompRelease|Win32.ActiveCfg = Release|Win32
		{DBBD8F6C-B452-46A9-AFF0-65E4429E04F1}.SimNoCompRelease|Win32.Build.0 = Release|Win32
		{DBBD8F6C-B452-46A9-AFF0-65E4429E04F1}.SimRelease|Any CPU.ActiveCfg = Release|Win32
		{DBBD8F6C-B452-46A9-AFF0-65E4429E04F1}.SimRelease|Mixed Platforms.ActiveCfg = Release|Win32
		{DBBD8F6C-B452-46A9-AFF0-65E4429E04F1}.SimRelease|Mixed Platforms.Build.0 = Release|Win32
		{DBBD8F6C-B452-46A9-AFF0-65E4429E04F1}.SimRelease|Win32.ActiveCfg = Release|Win32
		{DBBD8F6C-B452-46A9-AFF0-65E4429E04F1}.SimRelease|Win32.Build.0 = Release|Win32
		{1BC0ACB8-C2F9-42D2-9C80-30A34D5C8C7B}.Debug|Any CPU.ActiveCfg = Debug|Win32
		{1BC0ACB8-C2F9-42D2-9C80-30A34D5C8C7B}.Debug|Mixed Platforms.ActiveCfg = Debug|Win32
		{1BC0ACB8-C2F9-42D2-9C80-30A34D5C8C7B}.Debug|Mixed Platforms.Build.0 = Debug|Win32
		{1BC0ACB8-C2F9-42D2-9C80-30A34D5C8C7B}.Debug|Win32.ActiveCfg = Debug|Win32
		{1BC0ACB8-C2F9-42D2-9C80-30A34D5C8C7B}.Debug|Win32.Build.0 = Debug|Win32
		{1BC0ACB8-C2F9-42D2-9C80-30A34D5C8C7B}.Release|Any CPU.ActiveCfg = Release|Win32
		{1BC0ACB8-C2F9-42D2-9C80-30A34D5C8C7B}.Release|Mixed Platforms.ActiveCfg = Release|Win32
		{1BC0ACB8-C2F9-42D2-9C80-30A34D5C8C7B}.Release|Mixed Platforms.Build.0 = Release|Win32
		{1BC0ACB8-C2F9-42D2-9C80-30A34D5C8C7B}.Release|Win32.ActiveCfg = Release|Win32
		{1BC0ACB8-C2F9-42D2-9C80-30A34D5C8C7B}.Release|Win32.Build.0 = Release|Win32
		{1BC0ACB8-C2F9-42D2-9C80-30A34D5C8C7B}.SimDebug|Any CPU.ActiveCfg = Debug|Win32
		{1BC0ACB8-C2F9-42D2-9C80-30A34D5C8C7B}.SimDebug|Mixed Platforms.ActiveCfg = Debug|Win32
		{1BC0ACB8-C2F9-42D2-9C80-30A34D5C8C7B}.SimDebug|Mixed Platforms.Build.0 = Debug|Win32
		{1BC0ACB8-C2F9-42D2-9C80-30A34D5C8C7B}.SimDebug|Win32.ActiveCfg = Debug|Win32
		{1BC0ACB8-C2F9-42D2-9C80-30A34D5C8C7B}.SimDebug|Win32.Build.0 = Debug|Win32
		{1BC0ACB8-C2F9-42D2-9C80-30A34D5C8C7B}.SimNoCompRelease|Any CPU.ActiveCfg = Release|Win32
		{1BC0ACB8-C2F9-42D2-9C80-30A34D5C8C7B}.SimNoCompRelease|Mixed Platforms.ActiveCfg = Release|Win32
		{1BC0ACB8-C2F9-42D2-9C80-30A34D5C8C7B}.SimNoCompRelease|Mixed Platforms.Build.0 = Release|Win32
		{1BC0ACB8-C2F9-42D2-9C80-30A34D5C8C7B}.SimNoCompRelease|Win32.ActiveCfg = Release|Win32
		{1BC0ACB8-C2F9-42D2-9C80-30A34D5C8C7B}.SimNoCompRelease|Win32.Build.0 = Release|Win32
		{1BC0ACB8-C2F9-42D2-9C80-30A34D5C8C7B}.SimRelease|Any CPU.ActiveCfg = Release|Win32
		{1BC0ACB8-C2F9-42D2-9C80-30A34D5C8C7B}.SimRelease|Mixed Platforms.ActiveCfg = Release|Win32
		{1BC0ACB8-C2F9-42D2-9C80-30A34D5C8C7B}.SimRelease|Mixed Platforms.Build.0 = Release|Win32
		{1BC0ACB8-C2F9-42D2-9C80-30A34D5C8C7B}.SimRelease|Win32.ActiveCfg = Release|Win32
		{1BC0ACB8-C2F9-42D2-9C80-30A34D5C8C7B}.SimRelease|Win32.Build.0 = Release|Win32
		{7C22CD86-4FCF-496A-861D-98F35665559B}.Debug|Any CPU.ActiveCfg = Debug|Win32
		{7C22CD86-4FCF-496A-861D-98F35665559B}.Debug|Mixed Platforms.ActiveCfg = Debug|Win32
		{7C22CD86-4FCF-496A-861D-98F35665559B}.Debug|Mixed Platforms.Build.0 = Debug|Win32
		{7C22CD86-4FCF-496A-861D-98F35665559B}.Debug|Win32.ActiveCfg = Debug|Win32
		{7C22CD86-4FCF-496A-861D-98F35665559B}.Debug|Win32.Build.0 = Debug|Win32
		{7C22CD86-4FCF-496A-861D-98F35665559B}.Release|Any CPU.ActiveCfg = Release|Win32
		{7C22CD86-4FCF-496A-861D-98F35665559B}.Release|Mixed Platforms.ActiveCfg = Release|Win32
		{7C22CD86-4FCF-496A-861D-98F35665559B}.Release|Mixed Platforms.Build.0 = Release|Win32
		{7C22CD86-4FCF-496A-861D-98F35665559B}.Release|Win32.ActiveCfg = Release|Win32
		{7C22CD86-4FCF-496A-861D-98F35665559B}.Release|Win32.Build.0 = Release|Win32
		{7C22CD86-4FCF-496A-861D-98F35665559B}.SimDebug|Any CPU.ActiveCfg = Debug|Win32
		{7C22CD86-4FCF-496A-861D-98F35665559B}.SimDebug|Mixed Platforms.ActiveCfg = Debug|Win32
		{7C22CD86-4FCF-496A-861D-98F35665559B}.SimDebug|Mixed Platforms.Build.0 = Debug|Win32
		{7C22CD86-4FCF-496A-861D-98F35665559B}.SimDebug|Win32.ActiveCfg = Debug|Win32
		{7C22CD86-4FCF-496A-861D-98F35665559B}.SimDebug|Win32.Build.0 = Debug|Win32
		{7C22CD86-4FCF-496A-861D-98F35665559B}.SimNoCompRelease|Any CPU.ActiveCfg = Release|Win32
		{7C22CD86-4FCF-496A-861D-98F35665559B}.SimNoCompRelease|Mixed Platforms.ActiveCfg = Release|Win32
		{7C22CD86-4FCF-496A-861D-98F35665559B}.SimNoCompRelease|Mixed Platforms.Build.0 = Release|Win32
		{7C22CD86-4FCF-496A-861D-98F35665559B}.SimNoCompRelease|Win32.ActiveCfg = Release|Win32
		{7C22CD86-4FCF-496A-861D-98F35665559B}.SimNoCompRelease|Win32.Build.0 = Release|Win32
		{7C22CD86-4FCF-496A-861D-98F35665559B}.SimRelease|Any CPU.ActiveCfg = Release|Win32
		{7C22CD86-4FCF-496A-861D-98F35665559B}.SimRelease|Mixed Platforms.ActiveCfg = Release|Win32
		{7C22CD86-4FCF-496A-861D-98F35665559B}.SimRelease|Mixed Platforms.Build.0 = Release|Win32
		{7C22CD86-4FCF-496A-861D-98F35665559B}.SimRelease|Win32.ActiveCfg = Release|Win32
		{7C22CD86-4FCF-496A-861D-98F35665559B}.SimRelease|Win32.Build.0 = Release|Win32
		{3FC29BC8-208B-4B67-B222-B5DE9AA3C65B}.Debug|Any CPU.ActiveCfg = Debug|Any CPU
		{3FC29BC8-208B-4B67-B222-B5DE9AA3C65B}.Debug|Any CPU.Build.0 = Debug|Any CPU
		{3FC29BC8-208B-4B67-B222-B5DE9AA3C65B}.Debug|Mixed Platforms.ActiveCfg = Debug|Any CPU
		{3FC29BC8-208B-4B67-B222-B5DE9AA3C65B}.Debug|Mixed Platforms.Build.0 = Debug|Any CPU
		{3FC29BC8-208B-4B67-B222-B5DE9AA3C65B}.Debug|Win32.ActiveCfg = Debug|Any CPU
		{3FC29BC8-208B-4B67-B222-B5DE9AA3C65B}.Release|Any CPU.ActiveCfg = Release|Any CPU
		{3FC29BC8-208B-4B67-B222-B5DE9AA3C65B}.Release|Any CPU.Build.0 = Release|Any CPU
		{3FC29BC8-208B-4B67-B222-B5DE9AA3C65B}.Release|Mixed Platforms.ActiveCfg = Release|Any CPU
		{3FC29BC8-208B-4B67-B222-B5DE9AA3C65B}.Release|Mixed Platforms.Build.0 = Release|Any CPU
		{3FC29BC8-208B-4B67-B222-B5DE9AA3C65B}.Release|Win32.ActiveCfg = Release|Any CPU
		{3FC29BC8-208B-4B67-B222-B5DE9AA3C65B}.SimDebug|Any CPU.ActiveCfg = Debug|Any CPU
		{3FC29BC8-208B-4B67-B222-B5DE9AA3C65B}.SimDebug|Any CPU.Build.0 = Debug|Any CPU
		{3FC29BC8-208B-4B67-B222-B5DE9AA3C65B}.SimDebug|Mixed Platforms.ActiveCfg = Debug|Any CPU
		{3FC29BC8-208B-4B67-B222-B5DE9AA3C65B}.SimDebug|Mixed Platforms.Build.0 = Debug|Any CPU
		{3FC29BC8-208B-4B67-B222-B5DE9AA3C65B}.SimDebug|Win32.ActiveCfg = Debug|Any CPU
		{3FC29BC8-208B-4B67-B222-B5DE9AA3C65B}.SimNoCompRelease|Any CPU.ActiveCfg = Release|Any CPU
		{3FC29BC8-208B-4B67-B222-B5DE9AA3C65B}.SimNoCompRelease|Any CPU.Build.0 = Release|Any CPU
		{3FC29BC8-208B-4B67-B222-B5DE9AA3C65B}.SimNoCompRelease|Mixed Platforms.ActiveCfg = Release|Any CPU
		{3FC29BC8-208B-4B67-B222-B5DE9AA3C65B}.SimNoCompRelease|Mixed Platforms.Build.0 = Release|Any CPU
		{3FC29BC8-208B-4B67-B222-B5DE9AA3C65B}.SimNoCompRelease|Win32.ActiveCfg = Release|Any CPU
		{3FC29BC8-208B-4B67-B222-B5DE9AA3C65B}.SimRelease|Any CPU.ActiveCfg = Release|Any CPU
		{3FC29BC8-208B-4B67-B222-B5DE9AA3C65B}.SimRelease|Any CPU.Build.0 = Release|Any CPU
		{3FC29BC8-208B-4B67-B222-B5DE9AA3C65B}.SimRelease|Mixed Platforms.ActiveCfg = Release|Any CPU
		{3FC29BC8-208B-4B67-B222-B5DE9AA3C65B}.SimRelease|Mixed Platforms.Build.0 = Release|Any CPU
		{3FC29BC8-208B-4B67-B222-B5DE9AA3C65B}.SimRelease|Win32.ActiveCfg = Release|Any CPU
		{281E03FD-C141-4CD6-A4C2-7FB74A78E063}.Debug|Any CPU.ActiveCfg = Debug|Any CPU
		{281E03FD-C141-4CD6-A4C2-7FB74A78E063}.Debug|Any CPU.Build.0 = Debug|Any CPU
		{281E03FD-C141-4CD6-A4C2-7FB74A78E063}.Debug|Mixed Platforms.ActiveCfg = Debug|Any CPU
		{281E03FD-C141-4CD6-A4C2-7FB74A78E063}.Debug|Mixed Platforms.Build.0 = Debug|Any CPU
		{281E03FD-C141-4CD6-A4C2-7FB74A78E063}.Debug|Win32.ActiveCfg = Debug|Any CPU
		{281E03FD-C141-4CD6-A4C2-7FB74A78E063}.Release|Any CPU.ActiveCfg = Release|Any CPU
		{281E03FD-C141-4CD6-A4C2-7FB74A78E063}.Release|Any CPU.Build.0 = Release|Any CPU
		{281E03FD-C141-4CD6-A4C2-7FB74A78E063}.Release|Mixed Platforms.ActiveCfg = Release|Any CPU
		{281E03FD-C141-4CD6-A4C2-7FB74A78E063}.Release|Mixed Platforms.Build.0 = Release|Any CPU
		{281E03FD-C141-4CD6-A4C2-7FB74A78E063}.Release|Win32.ActiveCfg = Release|Any CPU
		{281E03FD-C141-4CD6-A4C2-7FB74A78E063}.SimDebug|Any CPU.ActiveCfg = Debug|Any CPU
		{281E03FD-C141-4CD6-A4C2-7FB74A78E063}.SimDebug|Any CPU.Build.0 = Debug|Any CPU
		{281E03FD-C141-4CD6-A4C2-7FB74A78E063}.SimDebug|Mixed Platforms.ActiveCfg = Debug|Any CPU
		{281E03FD-C141-4CD6-A4C2-7FB74A78E063}.SimDebug|Mixed Platforms.Build.0 = Debug|Any CPU
		{281E03FD-C141-4CD6-A4C2-7FB74A78E063}.SimDebug|Win32.ActiveCfg = Debug|Any CPU
		{281E03FD-C141-4CD6-A4C2-7FB74A78E063}.SimNoCompRelease|Any CPU.ActiveCfg = Release|Any CPU
		{281E03FD-C141-4CD6-A4C2-7FB74A78E063}.SimNoCompRelease|Any CPU.Build.0 = Release|Any CPU
		{281E03FD-C141-4CD6-A4C2-7FB74A78E063}.SimNoCompRelease|Mixed Platforms.ActiveCfg = Release|Any CPU
		{281E03FD-C141-4CD6-A4C2-7FB74A78E063}.SimNoCompRelease|Mixed Platforms.Build.0 = Release|Any CPU
		{281E03FD-C141-4CD6-A4C2-7FB74A78E063}.SimNoCompRelease|Win32.ActiveCfg = Release|Any CPU
		{281E03FD-C141-4CD6-A4C2-7FB74A78E063}.SimRelease|Any CPU.ActiveCfg = Release|Any CPU
		{281E03FD-C141-4CD6-A4C2-7FB74A78E063}.SimRelease|Any CPU.Build.0 = Release|Any CPU
		{281E03FD-C141-4CD6-A4C2-7FB74A78E063}.SimRelease|Mixed Platforms.ActiveCfg = Release|Any CPU
		{281E03FD-C141-4CD6-A4C2-7FB74A78E063}.SimRelease|Mixed Platforms.Build.0 = Release|Any CPU
		{281E03FD-C141-4CD6-A4C2-7FB74A78E063}.SimRelease|Win32.ActiveCfg = Release|Any CPU
		{4966DB10-9B4A-426F-8D36-D56D47CBE0AC}.Debug|Any CPU.ActiveCfg = SimDebug|Any CPU
		{4966DB10-9B4A-426F-8D36-D56D47CBE0AC}.Debug|Any CPU.Build.0 = SimDebug|Any CPU
		{4966DB10-9B4A-426F-8D36-D56D47CBE0AC}.Debug|Mixed Platforms.ActiveCfg = SimDebug|Any CPU
		{4966DB10-9B4A-426F-8D36-D56D47CBE0AC}.Debug|Mixed Platforms.Build.0 = SimDebug|Any CPU
		{4966DB10-9B4A-426F-8D36-D56D47CBE0AC}.Debug|Win32.ActiveCfg = SimDebug|Any CPU
		{4966DB10-9B4A-426F-8D36-D56D47CBE0AC}.Release|Any CPU.ActiveCfg = SimNoCompRelease|Any CPU
		{4966DB10-9B4A-426F-8D36-D56D47CBE0AC}.Release|Any CPU.Build.0 = SimNoCompRelease|Any CPU
		{4966DB10-9B4A-426F-8D36-D56D47CBE0AC}.Release|Mixed Platforms.ActiveCfg = SimRelease|Any CPU
		{4966DB10-9B4A-426F-8D36-D56D47CBE0AC}.Release|Mixed Platforms.Build.0 = SimRelease|Any CPU
		{4966DB10-9B4A-426F-8D36-D56D47CBE0AC}.Release|Win32.ActiveCfg = SimNoCompRelease|Any CPU
		{4966DB10-9B4A-426F-8D36-D56D47CBE0AC}.SimDebug|Any CPU.ActiveCfg = SimDebug|Any CPU
		{4966DB10-9B4A-426F-8D36-D56D47CBE0AC}.SimDebug|Any CPU.Build.0 = SimDebug|Any CPU
		{4966DB10-9B4A-426F-8D36-D56D47CBE0AC}.SimDebug|Mixed Platforms.ActiveCfg = SimDebug|Any CPU
		{4966DB10-9B4A-426F-8D36-D56D47CBE0AC}.SimDebug|Mixed Platforms.Build.0 = SimDebug|Any CPU
		{4966DB10-9B4A-426F-8D36-D56D47CBE0AC}.SimDebug|Win32.ActiveCfg = SimDebug|Any CPU
		{4966DB10-9B4A-426F-8D36-D56D47CBE0AC}.SimNoCompRelease|Any CPU.ActiveCfg = SimNoCompRelease|Any CPU
		{4966DB10-9B4A-426F-8D36-D56D47CBE0AC}.SimNoCompRelease|Any CPU.Build.0 = SimNoCompRelease|Any CPU
		{4966DB10-9B4A-426F-8D36-D56D47CBE0AC}.SimNoCompRelease|Mixed Platforms.ActiveCfg = SimNoCompRelease|Any CPU
		{4966DB10-9B4A-426F-8D36-D56D47CBE0AC}.SimNoCompRelease|Mixed Platforms.Build.0 = SimNoCompRelease|Any CPU
		{4966DB10-9B4A-426F-8D36-D56D47CBE0AC}.SimNoCompRelease|Win32.ActiveCfg = SimNoCompRelease|Any CPU
		{4966DB10-9B4A-426F-8D36-D56D47CBE0AC}.SimRelease|Any CPU.ActiveCfg = SimRelease|Any CPU
		{4966DB10-9B4A-426F-8D36-D56D47CBE0AC}.SimRelease|Any CPU.Build.0 = SimRelease|Any CPU
		{4966DB10-9B4A-426F-8D36-D56D47CBE0AC}.SimRelease|Mixed Platforms.ActiveCfg = SimRelease|Any CPU
		{4966DB10-9B4A-426F-8D36-D56D47CBE0AC}.SimRelease|Mixed Platforms.Build.0 = SimRelease|Any CPU
		{4966DB10-9B4A-426F-8D36-D56D47CBE0AC}.SimRelease|Win32.ActiveCfg = SimRelease|Any CPU
	EndGlobalSection
	GlobalSection(SolutionProperties) = preSolution
		HideSolutionNode = FALSE
	EndGlobalSection
	GlobalSection(Performance) = preSolution
		HasPerformanceSessions = true
	EndGlobalSection
EndGlobal
