
Microsoft Visual Studio Solution File, Format Version 12.00
# Visual Studio 14
VisualStudioVersion = 14.0.24720.0
MinimumVisualStudioVersion = 10.0.40219.1
Project("{FAE04EC0-301F-11D3-BF4B-00C04F79EFBC}") = "Test", "Test\Test.csproj", "{41AD025A-ED84-4CC6-88A8-FC56A693426B}"
	ProjectSection(ProjectDependencies) = postProject
		{7C22CD86-4FCF-496A-861D-98F35665559B} = {7C22CD86-4FCF-496A-861D-98F35665559B}
		{1BC0ACB8-C2F9-42D2-9C80-30A34D5C8C7B} = {1BC0ACB8-C2F9-42D2-9C80-30A34D5C8C7B}
	EndProjectSection
EndProject
Project("{8BC9CEB8-8B4A-11D0-8D11-00A0C91BC942}") = "PolyCommit", "PolyCommit\PolyCommit.vcxproj", "{DBBD8F6C-B452-46A9-AFF0-65E4429E04F1}"
EndProject
Project("{FAE04EC0-301F-11D3-BF4B-00C04F79EFBC}") = "FiniteField", "..\FiniteField\FiniteField.csproj", "{3FC29BC8-208B-4B67-B222-B5DE9AA3C65B}"
EndProject
Project("{FAE04EC0-301F-11D3-BF4B-00C04F79EFBC}") = "Common", "..\Common\Common.csproj", "{281E03FD-C141-4CD6-A4C2-7FB74A78E063}"
EndProject
Project("{FAE04EC0-301F-11D3-BF4B-00C04F79EFBC}") = "StochasticUtils", "..\StochasticUtils\StochasticUtils.csproj", "{4966DB10-9B4A-426F-8D36-D56D47CBE0AC}"
EndProject
Project("{8BC9CEB8-8B4A-11D0-8D11-00A0C91BC942}") = "pbc-vc", "..\pbc-vc\pbc-vc.vcxproj", "{7C22CD86-4FCF-496A-861D-98F35665559B}"
EndProject
Project("{8BC9CEB8-8B4A-11D0-8D11-00A0C91BC942}") = "ntl-vc", "..\ntl-vc\ntl-vc.vcxproj", "{1BC0ACB8-C2F9-42D2-9C80-30A34D5C8C7B}"
EndProject
Project("{FAE04EC0-301F-11D3-BF4B-00C04F79EFBC}") = "SecretSharing", "..\SecretSharing\SecretSharing.csproj", "{2279AD83-89CC-439F-A198-4E6C1C73F668}"
EndProject
Project("{8BC9CEB8-8B4A-11D0-8D11-00A0C91BC942}") = "gmp-vc", "..\gmp-vc\gmp.vcxproj", "{3C59C2F0-96ED-4FDA-999D-444C4EE166A1}"
EndProject
Project("{FAE04EC0-301F-11D3-BF4B-00C04F79EFBC}") = "DistributedSystem", "..\DistributedSystem\DistributedSystem.csproj", "{FB8DD953-2188-41F9-9B81-B5FCB509F2BA}"
EndProject
Project("{FAE04EC0-301F-11D3-BF4B-00C04F79EFBC}") = "Simulation", "..\Simulation\Simulation.csproj", "{A25BF042-5BA8-4191-9EAA-75CF555CF0EE}"
EndProject
Project("{FAE04EC0-301F-11D3-BF4B-00C04F79EFBC}") = "BasicDataStructures", "..\BasicDataStructures\BasicDataStructures.csproj", "{D89AFE72-407E-4414-BDFC-E5B50BB25BEF}"
EndProject
Global
	GlobalSection(SolutionConfigurationPlatforms) = preSolution
		Debug|Any CPU = Debug|Any CPU
		Debug|Mixed Platforms = Debug|Mixed Platforms
		Debug|Win32 = Debug|Win32
		Debug|x86 = Debug|x86
		Release|Any CPU = Release|Any CPU
		Release|Mixed Platforms = Release|Mixed Platforms
		Release|Win32 = Release|Win32
		Release|x86 = Release|x86
		SimDebug|Any CPU = SimDebug|Any CPU
		SimDebug|Mixed Platforms = SimDebug|Mixed Platforms
		SimDebug|Win32 = SimDebug|Win32
		SimDebug|x86 = SimDebug|x86
		SimNoCompRelease|Any CPU = SimNoCompRelease|Any CPU
		SimNoCompRelease|Mixed Platforms = SimNoCompRelease|Mixed Platforms
		SimNoCompRelease|Win32 = SimNoCompRelease|Win32
		SimNoCompRelease|x86 = SimNoCompRelease|x86
		SimRelease|Any CPU = SimRelease|Any CPU
		SimRelease|Mixed Platforms = SimRelease|Mixed Platforms
		SimRelease|Win32 = SimRelease|Win32
		SimRelease|x86 = SimRelease|x86
	EndGlobalSection
	GlobalSection(ProjectConfigurationPlatforms) = postSolution
		{41AD025A-ED84-4CC6-88A8-FC56A693426B}.Debug|Any CPU.ActiveCfg = Debug|Any CPU
		{41AD025A-ED84-4CC6-88A8-FC56A693426B}.Debug|Any CPU.Build.0 = Debug|Any CPU
		{41AD025A-ED84-4CC6-88A8-FC56A693426B}.Debug|Mixed Platforms.ActiveCfg = Debug|Any CPU
		{41AD025A-ED84-4CC6-88A8-FC56A693426B}.Debug|Mixed Platforms.Build.0 = Debug|Any CPU
		{41AD025A-ED84-4CC6-88A8-FC56A693426B}.Debug|Win32.ActiveCfg = Debug|Any CPU
		{41AD025A-ED84-4CC6-88A8-FC56A693426B}.Debug|x86.ActiveCfg = Debug|Any CPU
		{41AD025A-ED84-4CC6-88A8-FC56A693426B}.Release|Any CPU.ActiveCfg = Release|Any CPU
		{41AD025A-ED84-4CC6-88A8-FC56A693426B}.Release|Any CPU.Build.0 = Release|Any CPU
		{41AD025A-ED84-4CC6-88A8-FC56A693426B}.Release|Mixed Platforms.ActiveCfg = Release|Any CPU
		{41AD025A-ED84-4CC6-88A8-FC56A693426B}.Release|Mixed Platforms.Build.0 = Release|Any CPU
		{41AD025A-ED84-4CC6-88A8-FC56A693426B}.Release|Win32.ActiveCfg = Release|Any CPU
		{41AD025A-ED84-4CC6-88A8-FC56A693426B}.Release|x86.ActiveCfg = Release|Any CPU
		{41AD025A-ED84-4CC6-88A8-FC56A693426B}.SimDebug|Any CPU.ActiveCfg = Debug|Any CPU
		{41AD025A-ED84-4CC6-88A8-FC56A693426B}.SimDebug|Any CPU.Build.0 = Debug|Any CPU
		{41AD025A-ED84-4CC6-88A8-FC56A693426B}.SimDebug|Mixed Platforms.ActiveCfg = Debug|Any CPU
		{41AD025A-ED84-4CC6-88A8-FC56A693426B}.SimDebug|Mixed Platforms.Build.0 = Debug|Any CPU
		{41AD025A-ED84-4CC6-88A8-FC56A693426B}.SimDebug|Win32.ActiveCfg = Debug|Any CPU
		{41AD025A-ED84-4CC6-88A8-FC56A693426B}.SimDebug|x86.ActiveCfg = Debug|Any CPU
		{41AD025A-ED84-4CC6-88A8-FC56A693426B}.SimNoCompRelease|Any CPU.ActiveCfg = Release|Any CPU
		{41AD025A-ED84-4CC6-88A8-FC56A693426B}.SimNoCompRelease|Any CPU.Build.0 = Release|Any CPU
		{41AD025A-ED84-4CC6-88A8-FC56A693426B}.SimNoCompRelease|Mixed Platforms.ActiveCfg = Release|Any CPU
		{41AD025A-ED84-4CC6-88A8-FC56A693426B}.SimNoCompRelease|Mixed Platforms.Build.0 = Release|Any CPU
		{41AD025A-ED84-4CC6-88A8-FC56A693426B}.SimNoCompRelease|Win32.ActiveCfg = Release|Any CPU
		{41AD025A-ED84-4CC6-88A8-FC56A693426B}.SimNoCompRelease|x86.ActiveCfg = Release|Any CPU
		{41AD025A-ED84-4CC6-88A8-FC56A693426B}.SimRelease|Any CPU.ActiveCfg = Release|Any CPU
		{41AD025A-ED84-4CC6-88A8-FC56A693426B}.SimRelease|Any CPU.Build.0 = Release|Any CPU
		{41AD025A-ED84-4CC6-88A8-FC56A693426B}.SimRelease|Mixed Platforms.ActiveCfg = Release|Any CPU
		{41AD025A-ED84-4CC6-88A8-FC56A693426B}.SimRelease|Mixed Platforms.Build.0 = Release|Any CPU
		{41AD025A-ED84-4CC6-88A8-FC56A693426B}.SimRelease|Win32.ActiveCfg = Release|Any CPU
		{41AD025A-ED84-4CC6-88A8-FC56A693426B}.SimRelease|x86.ActiveCfg = Release|Any CPU
		{DBBD8F6C-B452-46A9-AFF0-65E4429E04F1}.Debug|Any CPU.ActiveCfg = Debug|Win32
		{DBBD8F6C-B452-46A9-AFF0-65E4429E04F1}.Debug|Mixed Platforms.ActiveCfg = Debug|Win32
		{DBBD8F6C-B452-46A9-AFF0-65E4429E04F1}.Debug|Mixed Platforms.Build.0 = Debug|Win32
		{DBBD8F6C-B452-46A9-AFF0-65E4429E04F1}.Debug|Win32.ActiveCfg = Debug|Win32
		{DBBD8F6C-B452-46A9-AFF0-65E4429E04F1}.Debug|Win32.Build.0 = Debug|Win32
		{DBBD8F6C-B452-46A9-AFF0-65E4429E04F1}.Debug|x86.ActiveCfg = Debug|Win32
		{DBBD8F6C-B452-46A9-AFF0-65E4429E04F1}.Debug|x86.Build.0 = Debug|Win32
		{DBBD8F6C-B452-46A9-AFF0-65E4429E04F1}.Release|Any CPU.ActiveCfg = Release|Win32
		{DBBD8F6C-B452-46A9-AFF0-65E4429E04F1}.Release|Mixed Platforms.ActiveCfg = Release|Win32
		{DBBD8F6C-B452-46A9-AFF0-65E4429E04F1}.Release|Mixed Platforms.Build.0 = Release|Win32
		{DBBD8F6C-B452-46A9-AFF0-65E4429E04F1}.Release|Win32.ActiveCfg = Release|Win32
		{DBBD8F6C-B452-46A9-AFF0-65E4429E04F1}.Release|Win32.Build.0 = Release|Win32
		{DBBD8F6C-B452-46A9-AFF0-65E4429E04F1}.Release|x86.ActiveCfg = Release|Win32
		{DBBD8F6C-B452-46A9-AFF0-65E4429E04F1}.Release|x86.Build.0 = Release|Win32
		{DBBD8F6C-B452-46A9-AFF0-65E4429E04F1}.SimDebug|Any CPU.ActiveCfg = Debug|Win32
		{DBBD8F6C-B452-46A9-AFF0-65E4429E04F1}.SimDebug|Mixed Platforms.ActiveCfg = Debug|Win32
		{DBBD8F6C-B452-46A9-AFF0-65E4429E04F1}.SimDebug|Mixed Platforms.Build.0 = Debug|Win32
		{DBBD8F6C-B452-46A9-AFF0-65E4429E04F1}.SimDebug|Win32.ActiveCfg = Debug|Win32
		{DBBD8F6C-B452-46A9-AFF0-65E4429E04F1}.SimDebug|Win32.Build.0 = Debug|Win32
		{DBBD8F6C-B452-46A9-AFF0-65E4429E04F1}.SimDebug|x86.ActiveCfg = Debug|Win32
		{DBBD8F6C-B452-46A9-AFF0-65E4429E04F1}.SimDebug|x86.Build.0 = Debug|Win32
		{DBBD8F6C-B452-46A9-AFF0-65E4429E04F1}.SimNoCompRelease|Any CPU.ActiveCfg = Release|Win32
		{DBBD8F6C-B452-46A9-AFF0-65E4429E04F1}.SimNoCompRelease|Mixed Platforms.ActiveCfg = Release|Win32
		{DBBD8F6C-B452-46A9-AFF0-65E4429E04F1}.SimNoCompRelease|Mixed Platforms.Build.0 = Release|Win32
		{DBBD8F6C-B452-46A9-AFF0-65E4429E04F1}.SimNoCompRelease|Win32.ActiveCfg = Release|Win32
		{DBBD8F6C-B452-46A9-AFF0-65E4429E04F1}.SimNoCompRelease|Win32.Build.0 = Release|Win32
		{DBBD8F6C-B452-46A9-AFF0-65E4429E04F1}.SimNoCompRelease|x86.ActiveCfg = Release|Win32
		{DBBD8F6C-B452-46A9-AFF0-65E4429E04F1}.SimNoCompRelease|x86.Build.0 = Release|Win32
		{DBBD8F6C-B452-46A9-AFF0-65E4429E04F1}.SimRelease|Any CPU.ActiveCfg = Release|Win32
		{DBBD8F6C-B452-46A9-AFF0-65E4429E04F1}.SimRelease|Mixed Platforms.ActiveCfg = Release|Win32
		{DBBD8F6C-B452-46A9-AFF0-65E4429E04F1}.SimRelease|Mixed Platforms.Build.0 = Release|Win32
		{DBBD8F6C-B452-46A9-AFF0-65E4429E04F1}.SimRelease|Win32.ActiveCfg = Release|Win32
		{DBBD8F6C-B452-46A9-AFF0-65E4429E04F1}.SimRelease|Win32.Build.0 = Release|Win32
		{DBBD8F6C-B452-46A9-AFF0-65E4429E04F1}.SimRelease|x86.ActiveCfg = Release|Win32
		{DBBD8F6C-B452-46A9-AFF0-65E4429E04F1}.SimRelease|x86.Build.0 = Release|Win32
		{3FC29BC8-208B-4B67-B222-B5DE9AA3C65B}.Debug|Any CPU.ActiveCfg = Debug|Any CPU
		{3FC29BC8-208B-4B67-B222-B5DE9AA3C65B}.Debug|Any CPU.Build.0 = Debug|Any CPU
		{3FC29BC8-208B-4B67-B222-B5DE9AA3C65B}.Debug|Mixed Platforms.ActiveCfg = Debug|Any CPU
		{3FC29BC8-208B-4B67-B222-B5DE9AA3C65B}.Debug|Mixed Platforms.Build.0 = Debug|Any CPU
		{3FC29BC8-208B-4B67-B222-B5DE9AA3C65B}.Debug|Win32.ActiveCfg = Debug|Any CPU
		{3FC29BC8-208B-4B67-B222-B5DE9AA3C65B}.Debug|x86.ActiveCfg = Debug|x86
		{3FC29BC8-208B-4B67-B222-B5DE9AA3C65B}.Debug|x86.Build.0 = Debug|x86
		{3FC29BC8-208B-4B67-B222-B5DE9AA3C65B}.Release|Any CPU.ActiveCfg = Release|Any CPU
		{3FC29BC8-208B-4B67-B222-B5DE9AA3C65B}.Release|Any CPU.Build.0 = Release|Any CPU
		{3FC29BC8-208B-4B67-B222-B5DE9AA3C65B}.Release|Mixed Platforms.ActiveCfg = Release|Any CPU
		{3FC29BC8-208B-4B67-B222-B5DE9AA3C65B}.Release|Mixed Platforms.Build.0 = Release|Any CPU
		{3FC29BC8-208B-4B67-B222-B5DE9AA3C65B}.Release|Win32.ActiveCfg = Release|Any CPU
		{3FC29BC8-208B-4B67-B222-B5DE9AA3C65B}.Release|x86.ActiveCfg = Release|x86
		{3FC29BC8-208B-4B67-B222-B5DE9AA3C65B}.Release|x86.Build.0 = Release|x86
		{3FC29BC8-208B-4B67-B222-B5DE9AA3C65B}.SimDebug|Any CPU.ActiveCfg = Debug|Any CPU
		{3FC29BC8-208B-4B67-B222-B5DE9AA3C65B}.SimDebug|Any CPU.Build.0 = Debug|Any CPU
		{3FC29BC8-208B-4B67-B222-B5DE9AA3C65B}.SimDebug|Mixed Platforms.ActiveCfg = Debug|Any CPU
		{3FC29BC8-208B-4B67-B222-B5DE9AA3C65B}.SimDebug|Mixed Platforms.Build.0 = Debug|Any CPU
		{3FC29BC8-208B-4B67-B222-B5DE9AA3C65B}.SimDebug|Win32.ActiveCfg = Debug|Any CPU
		{3FC29BC8-208B-4B67-B222-B5DE9AA3C65B}.SimDebug|x86.ActiveCfg = Debug|x86
		{3FC29BC8-208B-4B67-B222-B5DE9AA3C65B}.SimDebug|x86.Build.0 = Debug|x86
		{3FC29BC8-208B-4B67-B222-B5DE9AA3C65B}.SimNoCompRelease|Any CPU.ActiveCfg = Release|Any CPU
		{3FC29BC8-208B-4B67-B222-B5DE9AA3C65B}.SimNoCompRelease|Any CPU.Build.0 = Release|Any CPU
		{3FC29BC8-208B-4B67-B222-B5DE9AA3C65B}.SimNoCompRelease|Mixed Platforms.ActiveCfg = Release|Any CPU
		{3FC29BC8-208B-4B67-B222-B5DE9AA3C65B}.SimNoCompRelease|Mixed Platforms.Build.0 = Release|Any CPU
		{3FC29BC8-208B-4B67-B222-B5DE9AA3C65B}.SimNoCompRelease|Win32.ActiveCfg = Release|Any CPU
		{3FC29BC8-208B-4B67-B222-B5DE9AA3C65B}.SimNoCompRelease|x86.ActiveCfg = Release|x86
		{3FC29BC8-208B-4B67-B222-B5DE9AA3C65B}.SimNoCompRelease|x86.Build.0 = Release|x86
		{3FC29BC8-208B-4B67-B222-B5DE9AA3C65B}.SimRelease|Any CPU.ActiveCfg = Release|Any CPU
		{3FC29BC8-208B-4B67-B222-B5DE9AA3C65B}.SimRelease|Any CPU.Build.0 = Release|Any CPU
		{3FC29BC8-208B-4B67-B222-B5DE9AA3C65B}.SimRelease|Mixed Platforms.ActiveCfg = Release|Any CPU
		{3FC29BC8-208B-4B67-B222-B5DE9AA3C65B}.SimRelease|Mixed Platforms.Build.0 = Release|Any CPU
		{3FC29BC8-208B-4B67-B222-B5DE9AA3C65B}.SimRelease|Win32.ActiveCfg = Release|Any CPU
		{3FC29BC8-208B-4B67-B222-B5DE9AA3C65B}.SimRelease|x86.ActiveCfg = Release|x86
		{3FC29BC8-208B-4B67-B222-B5DE9AA3C65B}.SimRelease|x86.Build.0 = Release|x86
		{281E03FD-C141-4CD6-A4C2-7FB74A78E063}.Debug|Any CPU.ActiveCfg = Debug|Any CPU
		{281E03FD-C141-4CD6-A4C2-7FB74A78E063}.Debug|Any CPU.Build.0 = Debug|Any CPU
		{281E03FD-C141-4CD6-A4C2-7FB74A78E063}.Debug|Mixed Platforms.ActiveCfg = Debug|Any CPU
		{281E03FD-C141-4CD6-A4C2-7FB74A78E063}.Debug|Mixed Platforms.Build.0 = Debug|Any CPU
		{281E03FD-C141-4CD6-A4C2-7FB74A78E063}.Debug|Win32.ActiveCfg = Debug|Any CPU
		{281E03FD-C141-4CD6-A4C2-7FB74A78E063}.Debug|x86.ActiveCfg = Debug|x86
		{281E03FD-C141-4CD6-A4C2-7FB74A78E063}.Debug|x86.Build.0 = Debug|x86
		{281E03FD-C141-4CD6-A4C2-7FB74A78E063}.Release|Any CPU.ActiveCfg = Release|Any CPU
		{281E03FD-C141-4CD6-A4C2-7FB74A78E063}.Release|Any CPU.Build.0 = Release|Any CPU
		{281E03FD-C141-4CD6-A4C2-7FB74A78E063}.Release|Mixed Platforms.ActiveCfg = Release|Any CPU
		{281E03FD-C141-4CD6-A4C2-7FB74A78E063}.Release|Mixed Platforms.Build.0 = Release|Any CPU
		{281E03FD-C141-4CD6-A4C2-7FB74A78E063}.Release|Win32.ActiveCfg = Release|Any CPU
		{281E03FD-C141-4CD6-A4C2-7FB74A78E063}.Release|x86.ActiveCfg = Release|x86
		{281E03FD-C141-4CD6-A4C2-7FB74A78E063}.Release|x86.Build.0 = Release|x86
		{281E03FD-C141-4CD6-A4C2-7FB74A78E063}.SimDebug|Any CPU.ActiveCfg = Debug|Any CPU
		{281E03FD-C141-4CD6-A4C2-7FB74A78E063}.SimDebug|Any CPU.Build.0 = Debug|Any CPU
		{281E03FD-C141-4CD6-A4C2-7FB74A78E063}.SimDebug|Mixed Platforms.ActiveCfg = Debug|Any CPU
		{281E03FD-C141-4CD6-A4C2-7FB74A78E063}.SimDebug|Mixed Platforms.Build.0 = Debug|Any CPU
		{281E03FD-C141-4CD6-A4C2-7FB74A78E063}.SimDebug|Win32.ActiveCfg = Debug|Any CPU
		{281E03FD-C141-4CD6-A4C2-7FB74A78E063}.SimDebug|x86.ActiveCfg = Debug|x86
		{281E03FD-C141-4CD6-A4C2-7FB74A78E063}.SimDebug|x86.Build.0 = Debug|x86
		{281E03FD-C141-4CD6-A4C2-7FB74A78E063}.SimNoCompRelease|Any CPU.ActiveCfg = Release|Any CPU
		{281E03FD-C141-4CD6-A4C2-7FB74A78E063}.SimNoCompRelease|Any CPU.Build.0 = Release|Any CPU
		{281E03FD-C141-4CD6-A4C2-7FB74A78E063}.SimNoCompRelease|Mixed Platforms.ActiveCfg = Release|Any CPU
		{281E03FD-C141-4CD6-A4C2-7FB74A78E063}.SimNoCompRelease|Mixed Platforms.Build.0 = Release|Any CPU
		{281E03FD-C141-4CD6-A4C2-7FB74A78E063}.SimNoCompRelease|Win32.ActiveCfg = Release|Any CPU
		{281E03FD-C141-4CD6-A4C2-7FB74A78E063}.SimNoCompRelease|x86.ActiveCfg = Release|x86
		{281E03FD-C141-4CD6-A4C2-7FB74A78E063}.SimNoCompRelease|x86.Build.0 = Release|x86
		{281E03FD-C141-4CD6-A4C2-7FB74A78E063}.SimRelease|Any CPU.ActiveCfg = Release|Any CPU
		{281E03FD-C141-4CD6-A4C2-7FB74A78E063}.SimRelease|Any CPU.Build.0 = Release|Any CPU
		{281E03FD-C141-4CD6-A4C2-7FB74A78E063}.SimRelease|Mixed Platforms.ActiveCfg = Release|Any CPU
		{281E03FD-C141-4CD6-A4C2-7FB74A78E063}.SimRelease|Mixed Platforms.Build.0 = Release|Any CPU
		{281E03FD-C141-4CD6-A4C2-7FB74A78E063}.SimRelease|Win32.ActiveCfg = Release|Any CPU
		{281E03FD-C141-4CD6-A4C2-7FB74A78E063}.SimRelease|x86.ActiveCfg = Release|x86
		{281E03FD-C141-4CD6-A4C2-7FB74A78E063}.SimRelease|x86.Build.0 = Release|x86
		{4966DB10-9B4A-426F-8D36-D56D47CBE0AC}.Debug|Any CPU.ActiveCfg = Debug|Any CPU
		{4966DB10-9B4A-426F-8D36-D56D47CBE0AC}.Debug|Any CPU.Build.0 = Debug|Any CPU
		{4966DB10-9B4A-426F-8D36-D56D47CBE0AC}.Debug|Mixed Platforms.ActiveCfg = Debug|Any CPU
		{4966DB10-9B4A-426F-8D36-D56D47CBE0AC}.Debug|Mixed Platforms.Build.0 = Debug|Any CPU
		{4966DB10-9B4A-426F-8D36-D56D47CBE0AC}.Debug|Win32.ActiveCfg = Debug|x86
		{4966DB10-9B4A-426F-8D36-D56D47CBE0AC}.Debug|Win32.Build.0 = Debug|x86
		{4966DB10-9B4A-426F-8D36-D56D47CBE0AC}.Debug|x86.ActiveCfg = Debug|x86
		{4966DB10-9B4A-426F-8D36-D56D47CBE0AC}.Debug|x86.Build.0 = Debug|x86
		{4966DB10-9B4A-426F-8D36-D56D47CBE0AC}.Release|Any CPU.ActiveCfg = Release|Any CPU
		{4966DB10-9B4A-426F-8D36-D56D47CBE0AC}.Release|Any CPU.Build.0 = Release|Any CPU
		{4966DB10-9B4A-426F-8D36-D56D47CBE0AC}.Release|Mixed Platforms.ActiveCfg = Release|x86
		{4966DB10-9B4A-426F-8D36-D56D47CBE0AC}.Release|Mixed Platforms.Build.0 = Release|x86
		{4966DB10-9B4A-426F-8D36-D56D47CBE0AC}.Release|Win32.ActiveCfg = Release|x86
		{4966DB10-9B4A-426F-8D36-D56D47CBE0AC}.Release|Win32.Build.0 = Release|x86
		{4966DB10-9B4A-426F-8D36-D56D47CBE0AC}.Release|x86.ActiveCfg = Release|x86
		{4966DB10-9B4A-426F-8D36-D56D47CBE0AC}.Release|x86.Build.0 = Release|x86
		{4966DB10-9B4A-426F-8D36-D56D47CBE0AC}.SimDebug|Any CPU.ActiveCfg = Debug|Any CPU
		{4966DB10-9B4A-426F-8D36-D56D47CBE0AC}.SimDebug|Any CPU.Build.0 = Debug|Any CPU
		{4966DB10-9B4A-426F-8D36-D56D47CBE0AC}.SimDebug|Mixed Platforms.ActiveCfg = Debug|x86
		{4966DB10-9B4A-426F-8D36-D56D47CBE0AC}.SimDebug|Mixed Platforms.Build.0 = Debug|x86
		{4966DB10-9B4A-426F-8D36-D56D47CBE0AC}.SimDebug|Win32.ActiveCfg = Debug|x86
		{4966DB10-9B4A-426F-8D36-D56D47CBE0AC}.SimDebug|Win32.Build.0 = Debug|x86
		{4966DB10-9B4A-426F-8D36-D56D47CBE0AC}.SimDebug|x86.ActiveCfg = Debug|x86
		{4966DB10-9B4A-426F-8D36-D56D47CBE0AC}.SimDebug|x86.Build.0 = Debug|x86
		{4966DB10-9B4A-426F-8D36-D56D47CBE0AC}.SimNoCompRelease|Any CPU.ActiveCfg = Release|Any CPU
		{4966DB10-9B4A-426F-8D36-D56D47CBE0AC}.SimNoCompRelease|Any CPU.Build.0 = Release|Any CPU
		{4966DB10-9B4A-426F-8D36-D56D47CBE0AC}.SimNoCompRelease|Mixed Platforms.ActiveCfg = Release|x86
		{4966DB10-9B4A-426F-8D36-D56D47CBE0AC}.SimNoCompRelease|Mixed Platforms.Build.0 = Release|x86
		{4966DB10-9B4A-426F-8D36-D56D47CBE0AC}.SimNoCompRelease|Win32.ActiveCfg = Release|x86
		{4966DB10-9B4A-426F-8D36-D56D47CBE0AC}.SimNoCompRelease|Win32.Build.0 = Release|x86
		{4966DB10-9B4A-426F-8D36-D56D47CBE0AC}.SimNoCompRelease|x86.ActiveCfg = Release|x86
		{4966DB10-9B4A-426F-8D36-D56D47CBE0AC}.SimNoCompRelease|x86.Build.0 = Release|x86
		{4966DB10-9B4A-426F-8D36-D56D47CBE0AC}.SimRelease|Any CPU.ActiveCfg = Release|Any CPU
		{4966DB10-9B4A-426F-8D36-D56D47CBE0AC}.SimRelease|Any CPU.Build.0 = Release|Any CPU
		{4966DB10-9B4A-426F-8D36-D56D47CBE0AC}.SimRelease|Mixed Platforms.ActiveCfg = Release|x86
		{4966DB10-9B4A-426F-8D36-D56D47CBE0AC}.SimRelease|Mixed Platforms.Build.0 = Release|x86
		{4966DB10-9B4A-426F-8D36-D56D47CBE0AC}.SimRelease|Win32.ActiveCfg = Release|x86
		{4966DB10-9B4A-426F-8D36-D56D47CBE0AC}.SimRelease|Win32.Build.0 = Release|x86
		{4966DB10-9B4A-426F-8D36-D56D47CBE0AC}.SimRelease|x86.ActiveCfg = Release|x86
		{4966DB10-9B4A-426F-8D36-D56D47CBE0AC}.SimRelease|x86.Build.0 = Release|x86
		{7C22CD86-4FCF-496A-861D-98F35665559B}.Debug|Any CPU.ActiveCfg = Debug|Win32
		{7C22CD86-4FCF-496A-861D-98F35665559B}.Debug|Mixed Platforms.ActiveCfg = Debug|Win32
		{7C22CD86-4FCF-496A-861D-98F35665559B}.Debug|Mixed Platforms.Build.0 = Debug|Win32
		{7C22CD86-4FCF-496A-861D-98F35665559B}.Debug|Win32.ActiveCfg = Debug|Win32
		{7C22CD86-4FCF-496A-861D-98F35665559B}.Debug|Win32.Build.0 = Debug|Win32
		{7C22CD86-4FCF-496A-861D-98F35665559B}.Debug|x86.ActiveCfg = Debug|Win32
		{7C22CD86-4FCF-496A-861D-98F35665559B}.Debug|x86.Build.0 = Debug|Win32
		{7C22CD86-4FCF-496A-861D-98F35665559B}.Release|Any CPU.ActiveCfg = Release|Win32
		{7C22CD86-4FCF-496A-861D-98F35665559B}.Release|Mixed Platforms.ActiveCfg = Release|Win32
		{7C22CD86-4FCF-496A-861D-98F35665559B}.Release|Mixed Platforms.Build.0 = Release|Win32
		{7C22CD86-4FCF-496A-861D-98F35665559B}.Release|Win32.ActiveCfg = Release|Win32
		{7C22CD86-4FCF-496A-861D-98F35665559B}.Release|Win32.Build.0 = Release|Win32
		{7C22CD86-4FCF-496A-861D-98F35665559B}.Release|x86.ActiveCfg = Release|Win32
		{7C22CD86-4FCF-496A-861D-98F35665559B}.Release|x86.Build.0 = Release|Win32
		{7C22CD86-4FCF-496A-861D-98F35665559B}.SimDebug|Any CPU.ActiveCfg = Debug|Win32
		{7C22CD86-4FCF-496A-861D-98F35665559B}.SimDebug|Mixed Platforms.ActiveCfg = Debug|Win32
		{7C22CD86-4FCF-496A-861D-98F35665559B}.SimDebug|Mixed Platforms.Build.0 = Debug|Win32
		{7C22CD86-4FCF-496A-861D-98F35665559B}.SimDebug|Win32.ActiveCfg = Debug|Win32
		{7C22CD86-4FCF-496A-861D-98F35665559B}.SimDebug|Win32.Build.0 = Debug|Win32
		{7C22CD86-4FCF-496A-861D-98F35665559B}.SimDebug|x86.ActiveCfg = Debug|Win32
		{7C22CD86-4FCF-496A-861D-98F35665559B}.SimDebug|x86.Build.0 = Debug|Win32
		{7C22CD86-4FCF-496A-861D-98F35665559B}.SimNoCompRelease|Any CPU.ActiveCfg = Release|Win32
		{7C22CD86-4FCF-496A-861D-98F35665559B}.SimNoCompRelease|Mixed Platforms.ActiveCfg = Release|Win32
		{7C22CD86-4FCF-496A-861D-98F35665559B}.SimNoCompRelease|Mixed Platforms.Build.0 = Release|Win32
		{7C22CD86-4FCF-496A-861D-98F35665559B}.SimNoCompRelease|Win32.ActiveCfg = Release|Win32
		{7C22CD86-4FCF-496A-861D-98F35665559B}.SimNoCompRelease|Win32.Build.0 = Release|Win32
		{7C22CD86-4FCF-496A-861D-98F35665559B}.SimNoCompRelease|x86.ActiveCfg = Release|Win32
		{7C22CD86-4FCF-496A-861D-98F35665559B}.SimNoCompRelease|x86.Build.0 = Release|Win32
		{7C22CD86-4FCF-496A-861D-98F35665559B}.SimRelease|Any CPU.ActiveCfg = Release|Win32
		{7C22CD86-4FCF-496A-861D-98F35665559B}.SimRelease|Mixed Platforms.ActiveCfg = Release|Win32
		{7C22CD86-4FCF-496A-861D-98F35665559B}.SimRelease|Mixed Platforms.Build.0 = Release|Win32
		{7C22CD86-4FCF-496A-861D-98F35665559B}.SimRelease|Win32.ActiveCfg = Release|Win32
		{7C22CD86-4FCF-496A-861D-98F35665559B}.SimRelease|Win32.Build.0 = Release|Win32
		{7C22CD86-4FCF-496A-861D-98F35665559B}.SimRelease|x86.ActiveCfg = Release|Win32
		{7C22CD86-4FCF-496A-861D-98F35665559B}.SimRelease|x86.Build.0 = Release|Win32
		{1BC0ACB8-C2F9-42D2-9C80-30A34D5C8C7B}.Debug|Any CPU.ActiveCfg = Debug|Win32
		{1BC0ACB8-C2F9-42D2-9C80-30A34D5C8C7B}.Debug|Mixed Platforms.ActiveCfg = Debug|Win32
		{1BC0ACB8-C2F9-42D2-9C80-30A34D5C8C7B}.Debug|Mixed Platforms.Build.0 = Debug|Win32
		{1BC0ACB8-C2F9-42D2-9C80-30A34D5C8C7B}.Debug|Win32.ActiveCfg = Debug|Win32
		{1BC0ACB8-C2F9-42D2-9C80-30A34D5C8C7B}.Debug|Win32.Build.0 = Debug|Win32
		{1BC0ACB8-C2F9-42D2-9C80-30A34D5C8C7B}.Debug|x86.ActiveCfg = Debug|Win32
		{1BC0ACB8-C2F9-42D2-9C80-30A34D5C8C7B}.Debug|x86.Build.0 = Debug|Win32
		{1BC0ACB8-C2F9-42D2-9C80-30A34D5C8C7B}.Release|Any CPU.ActiveCfg = Release|Win32
		{1BC0ACB8-C2F9-42D2-9C80-30A34D5C8C7B}.Release|Mixed Platforms.ActiveCfg = Release|Win32
		{1BC0ACB8-C2F9-42D2-9C80-30A34D5C8C7B}.Release|Mixed Platforms.Build.0 = Release|Win32
		{1BC0ACB8-C2F9-42D2-9C80-30A34D5C8C7B}.Release|Win32.ActiveCfg = Release|Win32
		{1BC0ACB8-C2F9-42D2-9C80-30A34D5C8C7B}.Release|Win32.Build.0 = Release|Win32
		{1BC0ACB8-C2F9-42D2-9C80-30A34D5C8C7B}.Release|x86.ActiveCfg = Release|Win32
		{1BC0ACB8-C2F9-42D2-9C80-30A34D5C8C7B}.Release|x86.Build.0 = Release|Win32
		{1BC0ACB8-C2F9-42D2-9C80-30A34D5C8C7B}.SimDebug|Any CPU.ActiveCfg = Debug|Win32
		{1BC0ACB8-C2F9-42D2-9C80-30A34D5C8C7B}.SimDebug|Mixed Platforms.ActiveCfg = Debug|Win32
		{1BC0ACB8-C2F9-42D2-9C80-30A34D5C8C7B}.SimDebug|Mixed Platforms.Build.0 = Debug|Win32
		{1BC0ACB8-C2F9-42D2-9C80-30A34D5C8C7B}.SimDebug|Win32.ActiveCfg = Debug|Win32
		{1BC0ACB8-C2F9-42D2-9C80-30A34D5C8C7B}.SimDebug|Win32.Build.0 = Debug|Win32
		{1BC0ACB8-C2F9-42D2-9C80-30A34D5C8C7B}.SimDebug|x86.ActiveCfg = Debug|Win32
		{1BC0ACB8-C2F9-42D2-9C80-30A34D5C8C7B}.SimDebug|x86.Build.0 = Debug|Win32
		{1BC0ACB8-C2F9-42D2-9C80-30A34D5C8C7B}.SimNoCompRelease|Any CPU.ActiveCfg = Release|Win32
		{1BC0ACB8-C2F9-42D2-9C80-30A34D5C8C7B}.SimNoCompRelease|Mixed Platforms.ActiveCfg = Release|Win32
		{1BC0ACB8-C2F9-42D2-9C80-30A34D5C8C7B}.SimNoCompRelease|Mixed Platforms.Build.0 = Release|Win32
		{1BC0ACB8-C2F9-42D2-9C80-30A34D5C8C7B}.SimNoCompRelease|Win32.ActiveCfg = Release|Win32
		{1BC0ACB8-C2F9-42D2-9C80-30A34D5C8C7B}.SimNoCompRelease|Win32.Build.0 = Release|Win32
		{1BC0ACB8-C2F9-42D2-9C80-30A34D5C8C7B}.SimNoCompRelease|x86.ActiveCfg = Release|Win32
		{1BC0ACB8-C2F9-42D2-9C80-30A34D5C8C7B}.SimNoCompRelease|x86.Build.0 = Release|Win32
		{1BC0ACB8-C2F9-42D2-9C80-30A34D5C8C7B}.SimRelease|Any CPU.ActiveCfg = Release|Win32
		{1BC0ACB8-C2F9-42D2-9C80-30A34D5C8C7B}.SimRelease|Mixed Platforms.ActiveCfg = Release|Win32
		{1BC0ACB8-C2F9-42D2-9C80-30A34D5C8C7B}.SimRelease|Mixed Platforms.Build.0 = Release|Win32
		{1BC0ACB8-C2F9-42D2-9C80-30A34D5C8C7B}.SimRelease|Win32.ActiveCfg = Release|Win32
		{1BC0ACB8-C2F9-42D2-9C80-30A34D5C8C7B}.SimRelease|Win32.Build.0 = Release|Win32
		{1BC0ACB8-C2F9-42D2-9C80-30A34D5C8C7B}.SimRelease|x86.ActiveCfg = Release|Win32
		{1BC0ACB8-C2F9-42D2-9C80-30A34D5C8C7B}.SimRelease|x86.Build.0 = Release|Win32
		{2279AD83-89CC-439F-A198-4E6C1C73F668}.Debug|Any CPU.ActiveCfg = Debug|Any CPU
		{2279AD83-89CC-439F-A198-4E6C1C73F668}.Debug|Any CPU.Build.0 = Debug|Any CPU
		{2279AD83-89CC-439F-A198-4E6C1C73F668}.Debug|Mixed Platforms.ActiveCfg = Debug|Any CPU
		{2279AD83-89CC-439F-A198-4E6C1C73F668}.Debug|Mixed Platforms.Build.0 = Debug|Any CPU
		{2279AD83-89CC-439F-A198-4E6C1C73F668}.Debug|Win32.ActiveCfg = Debug|x86
		{2279AD83-89CC-439F-A198-4E6C1C73F668}.Debug|Win32.Build.0 = Debug|x86
		{2279AD83-89CC-439F-A198-4E6C1C73F668}.Debug|x86.ActiveCfg = Debug|x86
		{2279AD83-89CC-439F-A198-4E6C1C73F668}.Debug|x86.Build.0 = Debug|x86
		{2279AD83-89CC-439F-A198-4E6C1C73F668}.Release|Any CPU.ActiveCfg = Release|Any CPU
		{2279AD83-89CC-439F-A198-4E6C1C73F668}.Release|Any CPU.Build.0 = Release|Any CPU
		{2279AD83-89CC-439F-A198-4E6C1C73F668}.Release|Mixed Platforms.ActiveCfg = Release|x86
		{2279AD83-89CC-439F-A198-4E6C1C73F668}.Release|Mixed Platforms.Build.0 = Release|x86
		{2279AD83-89CC-439F-A198-4E6C1C73F668}.Release|Win32.ActiveCfg = Release|x86
		{2279AD83-89CC-439F-A198-4E6C1C73F668}.Release|Win32.Build.0 = Release|x86
		{2279AD83-89CC-439F-A198-4E6C1C73F668}.Release|x86.ActiveCfg = Release|x86
		{2279AD83-89CC-439F-A198-4E6C1C73F668}.Release|x86.Build.0 = Release|x86
		{2279AD83-89CC-439F-A198-4E6C1C73F668}.SimDebug|Any CPU.ActiveCfg = Debug|Any CPU
		{2279AD83-89CC-439F-A198-4E6C1C73F668}.SimDebug|Any CPU.Build.0 = Debug|Any CPU
		{2279AD83-89CC-439F-A198-4E6C1C73F668}.SimDebug|Mixed Platforms.ActiveCfg = Debug|x86
		{2279AD83-89CC-439F-A198-4E6C1C73F668}.SimDebug|Mixed Platforms.Build.0 = Debug|x86
		{2279AD83-89CC-439F-A198-4E6C1C73F668}.SimDebug|Win32.ActiveCfg = Debug|x86
		{2279AD83-89CC-439F-A198-4E6C1C73F668}.SimDebug|Win32.Build.0 = Debug|x86
		{2279AD83-89CC-439F-A198-4E6C1C73F668}.SimDebug|x86.ActiveCfg = Debug|x86
		{2279AD83-89CC-439F-A198-4E6C1C73F668}.SimDebug|x86.Build.0 = Debug|x86
		{2279AD83-89CC-439F-A198-4E6C1C73F668}.SimNoCompRelease|Any CPU.ActiveCfg = Release|Any CPU
		{2279AD83-89CC-439F-A198-4E6C1C73F668}.SimNoCompRelease|Any CPU.Build.0 = Release|Any CPU
		{2279AD83-89CC-439F-A198-4E6C1C73F668}.SimNoCompRelease|Mixed Platforms.ActiveCfg = Release|x86
		{2279AD83-89CC-439F-A198-4E6C1C73F668}.SimNoCompRelease|Mixed Platforms.Build.0 = Release|x86
		{2279AD83-89CC-439F-A198-4E6C1C73F668}.SimNoCompRelease|Win32.ActiveCfg = Release|x86
		{2279AD83-89CC-439F-A198-4E6C1C73F668}.SimNoCompRelease|Win32.Build.0 = Release|x86
		{2279AD83-89CC-439F-A198-4E6C1C73F668}.SimNoCompRelease|x86.ActiveCfg = Release|x86
		{2279AD83-89CC-439F-A198-4E6C1C73F668}.SimNoCompRelease|x86.Build.0 = Release|x86
		{2279AD83-89CC-439F-A198-4E6C1C73F668}.SimRelease|Any CPU.ActiveCfg = Release|Any CPU
		{2279AD83-89CC-439F-A198-4E6C1C73F668}.SimRelease|Any CPU.Build.0 = Release|Any CPU
		{2279AD83-89CC-439F-A198-4E6C1C73F668}.SimRelease|Mixed Platforms.ActiveCfg = Release|x86
		{2279AD83-89CC-439F-A198-4E6C1C73F668}.SimRelease|Mixed Platforms.Build.0 = Release|x86
		{2279AD83-89CC-439F-A198-4E6C1C73F668}.SimRelease|Win32.ActiveCfg = Release|x86
		{2279AD83-89CC-439F-A198-4E6C1C73F668}.SimRelease|Win32.Build.0 = Release|x86
		{2279AD83-89CC-439F-A198-4E6C1C73F668}.SimRelease|x86.ActiveCfg = Release|x86
		{2279AD83-89CC-439F-A198-4E6C1C73F668}.SimRelease|x86.Build.0 = Release|x86
		{3C59C2F0-96ED-4FDA-999D-444C4EE166A1}.Debug|Any CPU.ActiveCfg = Debug|Win32
		{3C59C2F0-96ED-4FDA-999D-444C4EE166A1}.Debug|Mixed Platforms.ActiveCfg = Debug|Win32
		{3C59C2F0-96ED-4FDA-999D-444C4EE166A1}.Debug|Mixed Platforms.Build.0 = Debug|Win32
		{3C59C2F0-96ED-4FDA-999D-444C4EE166A1}.Debug|Win32.ActiveCfg = Debug|Win32
		{3C59C2F0-96ED-4FDA-999D-444C4EE166A1}.Debug|Win32.Build.0 = Debug|Win32
		{3C59C2F0-96ED-4FDA-999D-444C4EE166A1}.Debug|x86.ActiveCfg = Debug|Win32
		{3C59C2F0-96ED-4FDA-999D-444C4EE166A1}.Debug|x86.Build.0 = Debug|Win32
		{3C59C2F0-96ED-4FDA-999D-444C4EE166A1}.Release|Any CPU.ActiveCfg = Release|Win32
		{3C59C2F0-96ED-4FDA-999D-444C4EE166A1}.Release|Mixed Platforms.ActiveCfg = Release|Win32
		{3C59C2F0-96ED-4FDA-999D-444C4EE166A1}.Release|Mixed Platforms.Build.0 = Release|Win32
		{3C59C2F0-96ED-4FDA-999D-444C4EE166A1}.Release|Win32.ActiveCfg = Release|Win32
		{3C59C2F0-96ED-4FDA-999D-444C4EE166A1}.Release|Win32.Build.0 = Release|Win32
		{3C59C2F0-96ED-4FDA-999D-444C4EE166A1}.Release|x86.ActiveCfg = Release|Win32
		{3C59C2F0-96ED-4FDA-999D-444C4EE166A1}.Release|x86.Build.0 = Release|Win32
		{3C59C2F0-96ED-4FDA-999D-444C4EE166A1}.SimDebug|Any CPU.ActiveCfg = Release|Win32
		{3C59C2F0-96ED-4FDA-999D-444C4EE166A1}.SimDebug|Any CPU.Build.0 = Release|Win32
		{3C59C2F0-96ED-4FDA-999D-444C4EE166A1}.SimDebug|Mixed Platforms.ActiveCfg = Debug|Win32
		{3C59C2F0-96ED-4FDA-999D-444C4EE166A1}.SimDebug|Mixed Platforms.Build.0 = Debug|Win32
		{3C59C2F0-96ED-4FDA-999D-444C4EE166A1}.SimDebug|Win32.ActiveCfg = Debug|Win32
		{3C59C2F0-96ED-4FDA-999D-444C4EE166A1}.SimDebug|Win32.Build.0 = Debug|Win32
		{3C59C2F0-96ED-4FDA-999D-444C4EE166A1}.SimDebug|x86.ActiveCfg = Debug|Win32
		{3C59C2F0-96ED-4FDA-999D-444C4EE166A1}.SimDebug|x86.Build.0 = Debug|Win32
		{3C59C2F0-96ED-4FDA-999D-444C4EE166A1}.SimNoCompRelease|Any CPU.ActiveCfg = Release|Win32
		{3C59C2F0-96ED-4FDA-999D-444C4EE166A1}.SimNoCompRelease|Any CPU.Build.0 = Release|Win32
		{3C59C2F0-96ED-4FDA-999D-444C4EE166A1}.SimNoCompRelease|Mixed Platforms.ActiveCfg = Release|Win32
		{3C59C2F0-96ED-4FDA-999D-444C4EE166A1}.SimNoCompRelease|Mixed Platforms.Build.0 = Release|Win32
		{3C59C2F0-96ED-4FDA-999D-444C4EE166A1}.SimNoCompRelease|Win32.ActiveCfg = Release|Win32
		{3C59C2F0-96ED-4FDA-999D-444C4EE166A1}.SimNoCompRelease|Win32.Build.0 = Release|Win32
		{3C59C2F0-96ED-4FDA-999D-444C4EE166A1}.SimNoCompRelease|x86.ActiveCfg = Release|Win32
		{3C59C2F0-96ED-4FDA-999D-444C4EE166A1}.SimNoCompRelease|x86.Build.0 = Release|Win32
		{3C59C2F0-96ED-4FDA-999D-444C4EE166A1}.SimRelease|Any CPU.ActiveCfg = Release|Win32
		{3C59C2F0-96ED-4FDA-999D-444C4EE166A1}.SimRelease|Any CPU.Build.0 = Release|Win32
		{3C59C2F0-96ED-4FDA-999D-444C4EE166A1}.SimRelease|Mixed Platforms.ActiveCfg = Release|Win32
		{3C59C2F0-96ED-4FDA-999D-444C4EE166A1}.SimRelease|Mixed Platforms.Build.0 = Release|Win32
		{3C59C2F0-96ED-4FDA-999D-444C4EE166A1}.SimRelease|Win32.ActiveCfg = Release|Win32
		{3C59C2F0-96ED-4FDA-999D-444C4EE166A1}.SimRelease|Win32.Build.0 = Release|Win32
		{3C59C2F0-96ED-4FDA-999D-444C4EE166A1}.SimRelease|x86.ActiveCfg = Release|Win32
		{3C59C2F0-96ED-4FDA-999D-444C4EE166A1}.SimRelease|x86.Build.0 = Release|Win32
		{FB8DD953-2188-41F9-9B81-B5FCB509F2BA}.Debug|Any CPU.ActiveCfg = Debug|Any CPU
		{FB8DD953-2188-41F9-9B81-B5FCB509F2BA}.Debug|Any CPU.Build.0 = Debug|Any CPU
		{FB8DD953-2188-41F9-9B81-B5FCB509F2BA}.Debug|Mixed Platforms.ActiveCfg = Debug|Any CPU
		{FB8DD953-2188-41F9-9B81-B5FCB509F2BA}.Debug|Mixed Platforms.Build.0 = Debug|Any CPU
		{FB8DD953-2188-41F9-9B81-B5FCB509F2BA}.Debug|Win32.ActiveCfg = Debug|x86
		{FB8DD953-2188-41F9-9B81-B5FCB509F2BA}.Debug|Win32.Build.0 = Debug|x86
		{FB8DD953-2188-41F9-9B81-B5FCB509F2BA}.Debug|x86.ActiveCfg = Debug|x86
		{FB8DD953-2188-41F9-9B81-B5FCB509F2BA}.Debug|x86.Build.0 = Debug|x86
		{FB8DD953-2188-41F9-9B81-B5FCB509F2BA}.Release|Any CPU.ActiveCfg = Release|Any CPU
		{FB8DD953-2188-41F9-9B81-B5FCB509F2BA}.Release|Any CPU.Build.0 = Release|Any CPU
		{FB8DD953-2188-41F9-9B81-B5FCB509F2BA}.Release|Mixed Platforms.ActiveCfg = Release|x86
		{FB8DD953-2188-41F9-9B81-B5FCB509F2BA}.Release|Mixed Platforms.Build.0 = Release|x86
		{FB8DD953-2188-41F9-9B81-B5FCB509F2BA}.Release|Win32.ActiveCfg = Release|x86
		{FB8DD953-2188-41F9-9B81-B5FCB509F2BA}.Release|Win32.Build.0 = Release|x86
		{FB8DD953-2188-41F9-9B81-B5FCB509F2BA}.Release|x86.ActiveCfg = Release|x86
		{FB8DD953-2188-41F9-9B81-B5FCB509F2BA}.Release|x86.Build.0 = Release|x86
		{FB8DD953-2188-41F9-9B81-B5FCB509F2BA}.SimDebug|Any CPU.ActiveCfg = Debug|Any CPU
		{FB8DD953-2188-41F9-9B81-B5FCB509F2BA}.SimDebug|Any CPU.Build.0 = Debug|Any CPU
		{FB8DD953-2188-41F9-9B81-B5FCB509F2BA}.SimDebug|Mixed Platforms.ActiveCfg = Debug|x86
		{FB8DD953-2188-41F9-9B81-B5FCB509F2BA}.SimDebug|Mixed Platforms.Build.0 = Debug|x86
		{FB8DD953-2188-41F9-9B81-B5FCB509F2BA}.SimDebug|Win32.ActiveCfg = Debug|x86
		{FB8DD953-2188-41F9-9B81-B5FCB509F2BA}.SimDebug|Win32.Build.0 = Debug|x86
		{FB8DD953-2188-41F9-9B81-B5FCB509F2BA}.SimDebug|x86.ActiveCfg = Debug|x86
		{FB8DD953-2188-41F9-9B81-B5FCB509F2BA}.SimDebug|x86.Build.0 = Debug|x86
		{FB8DD953-2188-41F9-9B81-B5FCB509F2BA}.SimNoCompRelease|Any CPU.ActiveCfg = Release|Any CPU
		{FB8DD953-2188-41F9-9B81-B5FCB509F2BA}.SimNoCompRelease|Any CPU.Build.0 = Release|Any CPU
		{FB8DD953-2188-41F9-9B81-B5FCB509F2BA}.SimNoCompRelease|Mixed Platforms.ActiveCfg = Release|x86
		{FB8DD953-2188-41F9-9B81-B5FCB509F2BA}.SimNoCompRelease|Mixed Platforms.Build.0 = Release|x86
		{FB8DD953-2188-41F9-9B81-B5FCB509F2BA}.SimNoCompRelease|Win32.ActiveCfg = Release|x86
		{FB8DD953-2188-41F9-9B81-B5FCB509F2BA}.SimNoCompRelease|Win32.Build.0 = Release|x86
		{FB8DD953-2188-41F9-9B81-B5FCB509F2BA}.SimNoCompRelease|x86.ActiveCfg = Release|x86
		{FB8DD953-2188-41F9-9B81-B5FCB509F2BA}.SimNoCompRelease|x86.Build.0 = Release|x86
		{FB8DD953-2188-41F9-9B81-B5FCB509F2BA}.SimRelease|Any CPU.ActiveCfg = Release|Any CPU
		{FB8DD953-2188-41F9-9B81-B5FCB509F2BA}.SimRelease|Any CPU.Build.0 = Release|Any CPU
		{FB8DD953-2188-41F9-9B81-B5FCB509F2BA}.SimRelease|Mixed Platforms.ActiveCfg = Release|x86
		{FB8DD953-2188-41F9-9B81-B5FCB509F2BA}.SimRelease|Mixed Platforms.Build.0 = Release|x86
		{FB8DD953-2188-41F9-9B81-B5FCB509F2BA}.SimRelease|Win32.ActiveCfg = Release|x86
		{FB8DD953-2188-41F9-9B81-B5FCB509F2BA}.SimRelease|Win32.Build.0 = Release|x86
		{FB8DD953-2188-41F9-9B81-B5FCB509F2BA}.SimRelease|x86.ActiveCfg = Release|x86
		{FB8DD953-2188-41F9-9B81-B5FCB509F2BA}.SimRelease|x86.Build.0 = Release|x86
		{A25BF042-5BA8-4191-9EAA-75CF555CF0EE}.Debug|Any CPU.ActiveCfg = Debug|Any CPU
		{A25BF042-5BA8-4191-9EAA-75CF555CF0EE}.Debug|Any CPU.Build.0 = Debug|Any CPU
		{A25BF042-5BA8-4191-9EAA-75CF555CF0EE}.Debug|Mixed Platforms.ActiveCfg = Debug|x86
		{A25BF042-5BA8-4191-9EAA-75CF555CF0EE}.Debug|Mixed Platforms.Build.0 = Debug|x86
		{A25BF042-5BA8-4191-9EAA-75CF555CF0EE}.Debug|Win32.ActiveCfg = Debug|x86
		{A25BF042-5BA8-4191-9EAA-75CF555CF0EE}.Debug|Win32.Build.0 = Debug|x86
		{A25BF042-5BA8-4191-9EAA-75CF555CF0EE}.Debug|x86.ActiveCfg = Debug|x86
		{A25BF042-5BA8-4191-9EAA-75CF555CF0EE}.Debug|x86.Build.0 = Debug|x86
		{A25BF042-5BA8-4191-9EAA-75CF555CF0EE}.Release|Any CPU.ActiveCfg = Release|Any CPU
		{A25BF042-5BA8-4191-9EAA-75CF555CF0EE}.Release|Any CPU.Build.0 = Release|Any CPU
		{A25BF042-5BA8-4191-9EAA-75CF555CF0EE}.Release|Mixed Platforms.ActiveCfg = Release|x86
		{A25BF042-5BA8-4191-9EAA-75CF555CF0EE}.Release|Mixed Platforms.Build.0 = Release|x86
		{A25BF042-5BA8-4191-9EAA-75CF555CF0EE}.Release|Win32.ActiveCfg = Release|x86
		{A25BF042-5BA8-4191-9EAA-75CF555CF0EE}.Release|Win32.Build.0 = Release|x86
		{A25BF042-5BA8-4191-9EAA-75CF555CF0EE}.Release|x86.ActiveCfg = Release|x86
		{A25BF042-5BA8-4191-9EAA-75CF555CF0EE}.Release|x86.Build.0 = Release|x86
		{A25BF042-5BA8-4191-9EAA-75CF555CF0EE}.SimDebug|Any CPU.ActiveCfg = Debug|Any CPU
		{A25BF042-5BA8-4191-9EAA-75CF555CF0EE}.SimDebug|Any CPU.Build.0 = Debug|Any CPU
		{A25BF042-5BA8-4191-9EAA-75CF555CF0EE}.SimDebug|Mixed Platforms.ActiveCfg = Debug|x86
		{A25BF042-5BA8-4191-9EAA-75CF555CF0EE}.SimDebug|Mixed Platforms.Build.0 = Debug|x86
		{A25BF042-5BA8-4191-9EAA-75CF555CF0EE}.SimDebug|Win32.ActiveCfg = Debug|x86
		{A25BF042-5BA8-4191-9EAA-75CF555CF0EE}.SimDebug|Win32.Build.0 = Debug|x86
		{A25BF042-5BA8-4191-9EAA-75CF555CF0EE}.SimDebug|x86.ActiveCfg = Debug|x86
		{A25BF042-5BA8-4191-9EAA-75CF555CF0EE}.SimDebug|x86.Build.0 = Debug|x86
		{A25BF042-5BA8-4191-9EAA-75CF555CF0EE}.SimNoCompRelease|Any CPU.ActiveCfg = Release|Any CPU
		{A25BF042-5BA8-4191-9EAA-75CF555CF0EE}.SimNoCompRelease|Any CPU.Build.0 = Release|Any CPU
		{A25BF042-5BA8-4191-9EAA-75CF555CF0EE}.SimNoCompRelease|Mixed Platforms.ActiveCfg = Release|x86
		{A25BF042-5BA8-4191-9EAA-75CF555CF0EE}.SimNoCompRelease|Mixed Platforms.Build.0 = Release|x86
		{A25BF042-5BA8-4191-9EAA-75CF555CF0EE}.SimNoCompRelease|Win32.ActiveCfg = Release|x86
		{A25BF042-5BA8-4191-9EAA-75CF555CF0EE}.SimNoCompRelease|Win32.Build.0 = Release|x86
		{A25BF042-5BA8-4191-9EAA-75CF555CF0EE}.SimNoCompRelease|x86.ActiveCfg = Release|x86
		{A25BF042-5BA8-4191-9EAA-75CF555CF0EE}.SimNoCompRelease|x86.Build.0 = Release|x86
		{A25BF042-5BA8-4191-9EAA-75CF555CF0EE}.SimRelease|Any CPU.ActiveCfg = Release|Any CPU
		{A25BF042-5BA8-4191-9EAA-75CF555CF0EE}.SimRelease|Any CPU.Build.0 = Release|Any CPU
		{A25BF042-5BA8-4191-9EAA-75CF555CF0EE}.SimRelease|Mixed Platforms.ActiveCfg = Release|x86
		{A25BF042-5BA8-4191-9EAA-75CF555CF0EE}.SimRelease|Mixed Platforms.Build.0 = Release|x86
		{A25BF042-5BA8-4191-9EAA-75CF555CF0EE}.SimRelease|Win32.ActiveCfg = Release|x86
		{A25BF042-5BA8-4191-9EAA-75CF555CF0EE}.SimRelease|Win32.Build.0 = Release|x86
		{A25BF042-5BA8-4191-9EAA-75CF555CF0EE}.SimRelease|x86.ActiveCfg = Release|x86
		{A25BF042-5BA8-4191-9EAA-75CF555CF0EE}.SimRelease|x86.Build.0 = Release|x86
		{D89AFE72-407E-4414-BDFC-E5B50BB25BEF}.Debug|Any CPU.ActiveCfg = Debug|Any CPU
		{D89AFE72-407E-4414-BDFC-E5B50BB25BEF}.Debug|Any CPU.Build.0 = Debug|Any CPU
		{D89AFE72-407E-4414-BDFC-E5B50BB25BEF}.Debug|Mixed Platforms.ActiveCfg = Debug|x86
		{D89AFE72-407E-4414-BDFC-E5B50BB25BEF}.Debug|Mixed Platforms.Build.0 = Debug|x86
		{D89AFE72-407E-4414-BDFC-E5B50BB25BEF}.Debug|Win32.ActiveCfg = Debug|x86
		{D89AFE72-407E-4414-BDFC-E5B50BB25BEF}.Debug|Win32.Build.0 = Debug|x86
		{D89AFE72-407E-4414-BDFC-E5B50BB25BEF}.Debug|x86.ActiveCfg = Debug|x86
		{D89AFE72-407E-4414-BDFC-E5B50BB25BEF}.Debug|x86.Build.0 = Debug|x86
		{D89AFE72-407E-4414-BDFC-E5B50BB25BEF}.Release|Any CPU.ActiveCfg = Release|Any CPU
		{D89AFE72-407E-4414-BDFC-E5B50BB25BEF}.Release|Any CPU.Build.0 = Release|Any CPU
		{D89AFE72-407E-4414-BDFC-E5B50BB25BEF}.Release|Mixed Platforms.ActiveCfg = Release|x86
		{D89AFE72-407E-4414-BDFC-E5B50BB25BEF}.Release|Mixed Platforms.Build.0 = Release|x86
		{D89AFE72-407E-4414-BDFC-E5B50BB25BEF}.Release|Win32.ActiveCfg = Release|x86
		{D89AFE72-407E-4414-BDFC-E5B50BB25BEF}.Release|Win32.Build.0 = Release|x86
		{D89AFE72-407E-4414-BDFC-E5B50BB25BEF}.Release|x86.ActiveCfg = Release|x86
		{D89AFE72-407E-4414-BDFC-E5B50BB25BEF}.Release|x86.Build.0 = Release|x86
		{D89AFE72-407E-4414-BDFC-E5B50BB25BEF}.SimDebug|Any CPU.ActiveCfg = Debug|Any CPU
		{D89AFE72-407E-4414-BDFC-E5B50BB25BEF}.SimDebug|Any CPU.Build.0 = Debug|Any CPU
		{D89AFE72-407E-4414-BDFC-E5B50BB25BEF}.SimDebug|Mixed Platforms.ActiveCfg = Debug|x86
		{D89AFE72-407E-4414-BDFC-E5B50BB25BEF}.SimDebug|Mixed Platforms.Build.0 = Debug|x86
		{D89AFE72-407E-4414-BDFC-E5B50BB25BEF}.SimDebug|Win32.ActiveCfg = Debug|x86
		{D89AFE72-407E-4414-BDFC-E5B50BB25BEF}.SimDebug|Win32.Build.0 = Debug|x86
		{D89AFE72-407E-4414-BDFC-E5B50BB25BEF}.SimDebug|x86.ActiveCfg = Debug|x86
		{D89AFE72-407E-4414-BDFC-E5B50BB25BEF}.SimDebug|x86.Build.0 = Debug|x86
		{D89AFE72-407E-4414-BDFC-E5B50BB25BEF}.SimNoCompRelease|Any CPU.ActiveCfg = Release|Any CPU
		{D89AFE72-407E-4414-BDFC-E5B50BB25BEF}.SimNoCompRelease|Any CPU.Build.0 = Release|Any CPU
		{D89AFE72-407E-4414-BDFC-E5B50BB25BEF}.SimNoCompRelease|Mixed Platforms.ActiveCfg = Release|x86
		{D89AFE72-407E-4414-BDFC-E5B50BB25BEF}.SimNoCompRelease|Mixed Platforms.Build.0 = Release|x86
		{D89AFE72-407E-4414-BDFC-E5B50BB25BEF}.SimNoCompRelease|Win32.ActiveCfg = Release|x86
		{D89AFE72-407E-4414-BDFC-E5B50BB25BEF}.SimNoCompRelease|Win32.Build.0 = Release|x86
		{D89AFE72-407E-4414-BDFC-E5B50BB25BEF}.SimNoCompRelease|x86.ActiveCfg = Release|x86
		{D89AFE72-407E-4414-BDFC-E5B50BB25BEF}.SimNoCompRelease|x86.Build.0 = Release|x86
		{D89AFE72-407E-4414-BDFC-E5B50BB25BEF}.SimRelease|Any CPU.ActiveCfg = Release|Any CPU
		{D89AFE72-407E-4414-BDFC-E5B50BB25BEF}.SimRelease|Any CPU.Build.0 = Release|Any CPU
		{D89AFE72-407E-4414-BDFC-E5B50BB25BEF}.SimRelease|Mixed Platforms.ActiveCfg = Release|x86
		{D89AFE72-407E-4414-BDFC-E5B50BB25BEF}.SimRelease|Mixed Platforms.Build.0 = Release|x86
		{D89AFE72-407E-4414-BDFC-E5B50BB25BEF}.SimRelease|Win32.ActiveCfg = Release|x86
		{D89AFE72-407E-4414-BDFC-E5B50BB25BEF}.SimRelease|Win32.Build.0 = Release|x86
		{D89AFE72-407E-4414-BDFC-E5B50BB25BEF}.SimRelease|x86.ActiveCfg = Release|x86
		{D89AFE72-407E-4414-BDFC-E5B50BB25BEF}.SimRelease|x86.Build.0 = Release|x86
	EndGlobalSection
	GlobalSection(SolutionProperties) = preSolution
		HideSolutionNode = FALSE
	EndGlobalSection
	GlobalSection(SubversionScc) = preSolution
		Svn-Managed = True
		Manager = AnkhSVN - Subversion Support for Visual Studio
	EndGlobalSection
EndGlobal
